<?xml version="1.0" encoding="utf-8"?>
<Project ToolsVersion="4.0" xmlns="http://schemas.microsoft.com/developer/msbuild/2003">
  <ItemGroup>
    <ClInclude Include="..\Public\Engine_Enum.h">
      <Filter>99.Headers</Filter>
    </ClInclude>
    <ClInclude Include="..\Public\Engine_Function.h">
      <Filter>99.Headers</Filter>
    </ClInclude>
    <ClInclude Include="..\Public\Engine_Macro.h">
      <Filter>99.Headers</Filter>
    </ClInclude>
    <ClInclude Include="..\Public\Engine_Struct.h">
      <Filter>99.Headers</Filter>
    </ClInclude>
    <ClInclude Include="..\Public\Engine_Typedef.h">
      <Filter>99.Headers</Filter>
    </ClInclude>
    <ClInclude Include="..\Public\Engine_Defines.h">
      <Filter>99.Headers</Filter>
    </ClInclude>
    <ClInclude Include="..\Public\Base.h">
      <Filter>98.Superclass</Filter>
    </ClInclude>
    <ClInclude Include="..\Public\Graphic_Device.h">
      <Filter>97.Device\Graphic</Filter>
    </ClInclude>
    <ClInclude Include="..\public\GameInstance.h">
      <Filter>00.GameInstance</Filter>
    </ClInclude>
    <ClInclude Include="..\public\Level_Manager.h">
      <Filter>01.Level\Manager</Filter>
    </ClInclude>
    <ClInclude Include="..\public\Level.h">
      <Filter>01.Level</Filter>
    </ClInclude>
    <ClInclude Include="..\public\GameObject.h">
      <Filter>02.GameObject</Filter>
    </ClInclude>
    <ClInclude Include="..\public\Prototype_Manager.h">
      <Filter>03.Prototype\Manager</Filter>
    </ClInclude>
    <ClInclude Include="..\public\Object_Manager.h">
      <Filter>02.GameObject\Manager</Filter>
    </ClInclude>
    <ClInclude Include="..\public\Layer.h">
      <Filter>02.GameObject\Manager\Layer</Filter>
    </ClInclude>
    <ClInclude Include="..\public\Renderer.h">
      <Filter>05.Renderer</Filter>
    </ClInclude>
    <ClInclude Include="..\public\Component.h">
      <Filter>04.Components</Filter>
    </ClInclude>
    <ClInclude Include="..\public\Texture.h">
      <Filter>04.Components\Texture</Filter>
    </ClInclude>
    <ClInclude Include="..\public\VIBuffer.h">
      <Filter>04.Components\VIBuffer</Filter>
    </ClInclude>
    <ClInclude Include="..\public\VIBuffer_Rect.h">
      <Filter>04.Components\VIBuffer\Rect</Filter>
    </ClInclude>
    <ClInclude Include="..\Public\VIBuffer_Terrain.h">
      <Filter>04.Components\VIBuffer\Terrain</Filter>
    </ClInclude>
    <ClInclude Include="..\public\Transform.h">
      <Filter>04.Components\Transform</Filter>
    </ClInclude>
    <ClInclude Include="..\Public\Timer.h">
      <Filter>06.Timers</Filter>
    </ClInclude>
    <ClInclude Include="..\public\Timer_Manager.h">
      <Filter>06.Timers\Manager</Filter>
    </ClInclude>
    <ClInclude Include="..\public\Camera.h">
      <Filter>02.GameObject\Camera</Filter>
    </ClInclude>
    <ClInclude Include="..\public\UIObject.h">
      <Filter>02.GameObject\UIObject</Filter>
    </ClInclude>
    <ClInclude Include="..\Public\VIBuffer_Cube.h">
      <Filter>04.Components\VIBuffer\Cube</Filter>
    </ClInclude>
    <ClInclude Include="..\Public\Collider_Cube.h">
      <Filter>04.Components\Collider\Collider_Cube</Filter>
    </ClInclude>
    <ClInclude Include="..\Public\FastNoiseLite.h">
      <Filter>99.Headers</Filter>
    </ClInclude>
    <ClInclude Include="..\Public\Collider_Manager.h">
      <Filter>04.Components\Collider\Manager</Filter>
    </ClInclude>
    <ClInclude Include="..\public\VIBuffer_Line.h">
      <Filter>04.Components\VIBuffer\Line</Filter>
    </ClInclude>
    <ClInclude Include="..\public\LineManager.h">
      <Filter>04.Components\Collider\Manager\LineManager</Filter>
    </ClInclude>
    <ClInclude Include="..\Public\Matrix.h">
      <Filter>99.Headers</Filter>
    </ClInclude>
    <ClInclude Include="..\Public\Matrix.h" />
    <ClInclude Include="..\Public\VIBuffer_Cube_Only.h">
      <Filter>04.Components\VIBuffer\Cube</Filter>
    </ClInclude>
    <ClInclude Include="..\public\ParticleSystem.h">
      <Filter>96.Particle</Filter>
    </ClInclude>
    <ClInclude Include="..\Public\Key_Manager.h">
      <Filter>07.KeyManager</Filter>
    </ClInclude>
    <ClInclude Include="..\public\VIBuffer_Rect_Normal.h">
      <Filter>04.Components\VIBuffer\Rect</Filter>
    </ClInclude>
    <ClInclude Include="..\public\Rigidbody.h">
      <Filter>04.Components\Rigidbody</Filter>
    </ClInclude>
    <ClInclude Include="..\Public\VIBuffer_CubeInstance.h">
      <Filter>04.Components\VIBuffer\Cube</Filter>
    </ClInclude>
    <ClInclude Include="..\public\SkeletalAnimator.h">
      <Filter>04.Components\SkeletalAnimator</Filter>
    </ClInclude>
    <ClInclude Include="..\public\Sound_Manager.h">
      <Filter>08.SoundManager</Filter>
    </ClInclude>
    <ClInclude Include="..\public\PoolManager.h">
      <Filter>08.Pooling</Filter>
    </ClInclude>
    <ClInclude Include="..\Public\VIBuffer_Rect3DInstance.h">
      <Filter>04.Components\VIBuffer\Rect</Filter>
    </ClInclude>
    <ClInclude Include="..\Public\Shader.h">
      <Filter>04.Components\Shader</Filter>
    </ClInclude>
    <ClInclude Include="..\public\UIParticleSystem.h">
      <Filter>96.Particle\UIParticle</Filter>
    </ClInclude>
    <ClInclude Include="..\public\Collider_Capsule.h">
      <Filter>04.Components\Collider\Collider_Capsule</Filter>
    </ClInclude>
    <ClInclude Include="..\public\Collider.h">
      <Filter>04.Components\Collider</Filter>
    </ClInclude>
    <ClInclude Include="..\public\ViBuffer_Anim.h">
      <Filter>04.Components\VIBuffer\ViBuffer_Anim</Filter>
    </ClInclude>
    <ClInclude Include="..\public\VIBuffer_Anim_Cube.h">
      <Filter>04.Components\VIBuffer\ViBuffer_Anim\00.VIbuffer_Anim_Cube</Filter>
    </ClInclude>
    <ClInclude Include="..\public\VIBuffer_Anim_Rect.h">
      <Filter>04.Components\VIBuffer\ViBuffer_Anim\01.VIBuffer_Ainm_Rect</Filter>
    </ClInclude>
    <ClInclude Include="..\Public\VIBuffer_CubeShader.h">
      <Filter>04.Components\VIBuffer\Cube</Filter>
    </ClInclude>
    <ClInclude Include="..\public\FrustumCulling_Manager.h">
      <Filter>09.FrustumCullingManager</Filter>
    </ClInclude>
    <ClInclude Include="..\Public\VIBuffer_RectShader.h">
      <Filter>04.Components\VIBuffer\Rect</Filter>
    </ClInclude>
  </ItemGroup>
  <ItemGroup>
    <Filter Include="99.Headers">
      <UniqueIdentifier>{4cd85e69-79d0-46a8-a4d9-1fcfefe60f6c}</UniqueIdentifier>
    </Filter>
    <Filter Include="98.Superclass">
      <UniqueIdentifier>{5d706b49-4323-4697-bf88-8772695c313b}</UniqueIdentifier>
    </Filter>
    <Filter Include="97.Device">
      <UniqueIdentifier>{35eaf6d8-6290-4c76-80a4-fb607d029e44}</UniqueIdentifier>
    </Filter>
    <Filter Include="97.Device\Graphic">
      <UniqueIdentifier>{b0f5d192-78e6-4208-b0f4-cac2b5546ebd}</UniqueIdentifier>
    </Filter>
    <Filter Include="00.GameInstance">
      <UniqueIdentifier>{f146498a-b946-42b7-9519-141ac6f93f7c}</UniqueIdentifier>
    </Filter>
    <Filter Include="01.Level">
      <UniqueIdentifier>{4984c672-521a-4088-a0d7-c4c1f4639603}</UniqueIdentifier>
    </Filter>
    <Filter Include="01.Level\Manager">
      <UniqueIdentifier>{178f61da-d50b-4e2e-9547-906f3926861e}</UniqueIdentifier>
    </Filter>
    <Filter Include="02.GameObject">
      <UniqueIdentifier>{8a591089-8197-4821-a844-e77d37c00b00}</UniqueIdentifier>
    </Filter>
    <Filter Include="02.GameObject\Manager">
      <UniqueIdentifier>{dd17cb57-187f-43cd-82d0-64a0880616a8}</UniqueIdentifier>
    </Filter>
    <Filter Include="02.GameObject\Manager\Layer">
      <UniqueIdentifier>{b7cc089a-858e-492e-9041-130cf6a28548}</UniqueIdentifier>
    </Filter>
    <Filter Include="03.Prototype">
      <UniqueIdentifier>{fff994a1-1d65-4ab2-b65a-a4e49cdffb59}</UniqueIdentifier>
    </Filter>
    <Filter Include="03.Prototype\Manager">
      <UniqueIdentifier>{00500f36-ef8e-41b5-aa07-5e12106b1fa6}</UniqueIdentifier>
    </Filter>
    <Filter Include="04.Components">
      <UniqueIdentifier>{430a8c1a-1040-4ea7-bd9c-16a49f38a6a1}</UniqueIdentifier>
    </Filter>
    <Filter Include="04.Components\Texture">
      <UniqueIdentifier>{435382d3-d1d7-453c-bc59-7a6c58348515}</UniqueIdentifier>
    </Filter>
    <Filter Include="04.Components\VIBuffer">
      <UniqueIdentifier>{93bf0b31-6059-4bf3-a7c2-e0a748647b9c}</UniqueIdentifier>
    </Filter>
    <Filter Include="04.Components\VIBuffer\Rect">
      <UniqueIdentifier>{298a3fd8-c4ce-4622-80b7-15a3ac08203d}</UniqueIdentifier>
    </Filter>
    <Filter Include="04.Components\VIBuffer\Cube">
      <UniqueIdentifier>{fc1078ea-bb67-4054-bc61-5e6981c4b29d}</UniqueIdentifier>
    </Filter>
    <Filter Include="04.Components\VIBuffer\Terrain">
      <UniqueIdentifier>{688c68fb-dda6-432a-bcbf-b68cb6fec7bf}</UniqueIdentifier>
    </Filter>
    <Filter Include="02.GameObject\Camera">
      <UniqueIdentifier>{818845ae-d1f4-4af6-8117-3b38123510e2}</UniqueIdentifier>
    </Filter>
    <Filter Include="02.GameObject\UIObject">
      <UniqueIdentifier>{ca1b37c0-851b-4920-b166-7d1b22ab39c1}</UniqueIdentifier>
    </Filter>
    <Filter Include="04.Components\Collider">
      <UniqueIdentifier>{ac333ff8-526e-4a4d-91e7-5521671771af}</UniqueIdentifier>
    </Filter>
    <Filter Include="04.Components\Collider\Collider_Cube">
      <UniqueIdentifier>{c4c3a07f-c4f1-49ab-97d7-33867f0aa987}</UniqueIdentifier>
    </Filter>
    <Filter Include="04.Components\Transform">
      <UniqueIdentifier>{e6f09916-b879-4da9-af31-206b538ecd54}</UniqueIdentifier>
    </Filter>
    <Filter Include="05.Renderer">
      <UniqueIdentifier>{ac1221d1-ea14-4963-a022-db50384008db}</UniqueIdentifier>
    </Filter>
    <Filter Include="06.Timers">
      <UniqueIdentifier>{97f5d22b-91e8-48e5-9a75-38182d68917a}</UniqueIdentifier>
    </Filter>
    <Filter Include="06.Timers\Manager">
      <UniqueIdentifier>{45424e6a-9752-432d-b096-86bb2ca8ec51}</UniqueIdentifier>
    </Filter>
    <Filter Include="04.Components\Collider\Manager">
      <UniqueIdentifier>{cefd2401-0359-4a91-bd6c-16280b2e28ee}</UniqueIdentifier>
    </Filter>
    <Filter Include="04.Components\VIBuffer\Line">
      <UniqueIdentifier>{56dcda29-4b9b-48aa-aa60-532acc6693a0}</UniqueIdentifier>
    </Filter>
    <Filter Include="04.Components\Collider\Manager\LineManager">
      <UniqueIdentifier>{51ddd23e-394a-41cb-8fc2-06d0c5ab55c1}</UniqueIdentifier>
    </Filter>
    <Filter Include="96.Particle">
      <UniqueIdentifier>{afaa3b0b-13c6-41eb-a725-0e898f8abde4}</UniqueIdentifier>
    </Filter>
    <Filter Include="07.KeyManager">
      <UniqueIdentifier>{3895b10e-a52a-42fb-8525-9483f3f5a450}</UniqueIdentifier>
    </Filter>
    <Filter Include="04.Components\Rigidbody">
      <UniqueIdentifier>{f26046cc-7ed5-42d5-9511-811287ce1fc0}</UniqueIdentifier>
    </Filter>
    <Filter Include="04.Components\SkeletalAnimator">
      <UniqueIdentifier>{8676614a-8bc5-44bf-8b5b-9b5ca80ec73d}</UniqueIdentifier>
    </Filter>
    <Filter Include="08.SoundManager">
      <UniqueIdentifier>{4cd5db5c-7d8a-4e95-8c3f-a8e22b9f7b89}</UniqueIdentifier>
    </Filter>
    <Filter Include="08.Pooling">
      <UniqueIdentifier>{2311d2ac-4091-4a20-a361-dfa35054e017}</UniqueIdentifier>
    </Filter>
    <Filter Include="04.Components\Shader">
      <UniqueIdentifier>{dca4e02d-72aa-46ef-a831-436307fe2f92}</UniqueIdentifier>
    </Filter>
    <Filter Include="96.Particle\UIParticle">
      <UniqueIdentifier>{6d08a1bb-e05a-47e8-a462-0a5e8b5406a6}</UniqueIdentifier>
    </Filter>
    <Filter Include="04.Components\Collider\Collider_Capsule">
      <UniqueIdentifier>{de924ea3-ef85-45d6-b9d9-11b2ad79e1b4}</UniqueIdentifier>
    </Filter>
    <Filter Include="04.Components\VIBuffer\ViBuffer_Anim">
      <UniqueIdentifier>{f4470bd4-31e0-4d83-b222-9d87ba05e6cf}</UniqueIdentifier>
    </Filter>
    <Filter Include="04.Components\VIBuffer\ViBuffer_Anim\00.VIbuffer_Anim_Cube">
      <UniqueIdentifier>{3d5799b8-4ec9-474c-bdc5-a1dc8c2b1ea2}</UniqueIdentifier>
    </Filter>
    <Filter Include="04.Components\VIBuffer\ViBuffer_Anim\01.VIBuffer_Ainm_Rect">
      <UniqueIdentifier>{2c0c6cf9-e0e7-4f4b-b1ed-ffe6157eb597}</UniqueIdentifier>
    </Filter>
    <Filter Include="09.FrustumCullingManager">
      <UniqueIdentifier>{a75b4fe6-5964-48d1-aec2-0a109c19f9a0}</UniqueIdentifier>
    </Filter>
  </ItemGroup>
  <ItemGroup>
    <ClCompile Include="..\Private\Base.cpp">
      <Filter>98.Superclass</Filter>
    </ClCompile>
    <ClCompile Include="..\Private\Graphic_Device.cpp">
      <Filter>97.Device\Graphic</Filter>
    </ClCompile>
    <ClCompile Include="..\private\GameInstance.cpp">
      <Filter>00.GameInstance</Filter>
    </ClCompile>
    <ClCompile Include="..\Private\Level_Manager.cpp">
      <Filter>01.Level\Manager</Filter>
    </ClCompile>
    <ClCompile Include="..\private\Level.cpp">
      <Filter>01.Level</Filter>
    </ClCompile>
    <ClCompile Include="..\private\GameObject.cpp">
      <Filter>02.GameObject</Filter>
    </ClCompile>
    <ClCompile Include="..\private\Prototype_Manager.cpp">
      <Filter>03.Prototype\Manager</Filter>
    </ClCompile>
    <ClCompile Include="..\private\Object_Manager.cpp">
      <Filter>02.GameObject\Manager</Filter>
    </ClCompile>
    <ClCompile Include="..\private\Layer.cpp">
      <Filter>02.GameObject\Manager\Layer</Filter>
    </ClCompile>
    <ClCompile Include="..\private\Renderer.cpp">
      <Filter>05.Renderer</Filter>
    </ClCompile>
    <ClCompile Include="..\private\Component.cpp">
      <Filter>04.Components</Filter>
    </ClCompile>
    <ClCompile Include="..\private\Texture.cpp">
      <Filter>04.Components\Texture</Filter>
    </ClCompile>
    <ClCompile Include="..\private\VIBuffer.cpp">
      <Filter>04.Components\VIBuffer</Filter>
    </ClCompile>
    <ClCompile Include="..\private\VIBuffer_Rect.cpp">
      <Filter>04.Components\VIBuffer\Rect</Filter>
    </ClCompile>
    <ClCompile Include="..\Private\VIBuffer_Terrain.cpp">
      <Filter>04.Components\VIBuffer\Terrain</Filter>
    </ClCompile>
    <ClCompile Include="..\private\Transform.cpp">
      <Filter>04.Components\Transform</Filter>
    </ClCompile>
    <ClCompile Include="..\Private\Timer.cpp">
      <Filter>06.Timers</Filter>
    </ClCompile>
    <ClCompile Include="..\private\Timer_Manager.cpp">
      <Filter>06.Timers\Manager</Filter>
    </ClCompile>
    <ClCompile Include="..\private\Camera.cpp">
      <Filter>02.GameObject\Camera</Filter>
    </ClCompile>
    <ClCompile Include="..\private\UIObject.cpp">
      <Filter>02.GameObject\UIObject</Filter>
    </ClCompile>
    <ClCompile Include="..\Private\VIBuffer_Cube.cpp">
      <Filter>04.Components\VIBuffer\Cube</Filter>
    </ClCompile>
    <ClCompile Include="..\Private\Collider_Cube.cpp">
      <Filter>04.Components\Collider\Collider_Cube</Filter>
    </ClCompile>
    <ClCompile Include="..\Private\Collider_Manager.cpp">
      <Filter>04.Components\Collider\Manager</Filter>
    </ClCompile>
    <ClCompile Include="..\private\VIBuffer_Line.cpp">
      <Filter>04.Components\VIBuffer\Line</Filter>
    </ClCompile>
    <ClCompile Include="..\private\LineManager.cpp">
      <Filter>04.Components\Collider\Manager\LineManager</Filter>
    </ClCompile>
    <ClCompile Include="..\Private\VIBuffer_Cube_Only.cpp">
      <Filter>04.Components\VIBuffer\Cube</Filter>
    </ClCompile>
    <ClCompile Include="..\private\ParticleSystem.cpp">
      <Filter>96.Particle</Filter>
    </ClCompile>
    <ClCompile Include="..\Private\Key_Manager.cpp">
      <Filter>07.KeyManager</Filter>
    </ClCompile>
    <ClCompile Include="..\private\VIBuffer_Rect_Normal.cpp">
      <Filter>04.Components\VIBuffer\Rect</Filter>
    </ClCompile>
    <ClCompile Include="..\private\Rigidbody.cpp">
      <Filter>04.Components\Rigidbody</Filter>
    </ClCompile>
    <ClCompile Include="..\Private\VIBuffer_CubeInstance.cpp">
      <Filter>04.Components\VIBuffer\Cube</Filter>
    </ClCompile>
    <ClCompile Include="..\private\SkeletalAnimator.cpp">
      <Filter>04.Components\SkeletalAnimator</Filter>
    </ClCompile>
    <ClCompile Include="..\private\Sound_Manager.cpp">
      <Filter>08.SoundManager</Filter>
    </ClCompile>
    <ClCompile Include="..\private\PoolManager.cpp">
      <Filter>08.Pooling</Filter>
    </ClCompile>
    <ClCompile Include="..\Private\VIBuffer_Rect3DInstance.cpp">
      <Filter>04.Components\VIBuffer\Rect</Filter>
    </ClCompile>
    <ClCompile Include="..\Private\Shader.cpp">
      <Filter>04.Components\Shader</Filter>
    </ClCompile>
    <ClCompile Include="..\private\UIParticleSystem.cpp">
      <Filter>96.Particle\UIParticle</Filter>
    </ClCompile>
    <ClCompile Include="..\private\Collider_Capsule.cpp">
      <Filter>04.Components\Collider\Collider_Capsule</Filter>
    </ClCompile>
    <ClCompile Include="..\private\Collider.cpp">
      <Filter>04.Components\Collider</Filter>
    </ClCompile>
    <ClCompile Include="..\private\ViBuffer_Anim.cpp">
      <Filter>04.Components\VIBuffer\ViBuffer_Anim</Filter>
    </ClCompile>
    <ClCompile Include="..\private\VIBuffer_Anim_Cube.cpp">
      <Filter>04.Components\VIBuffer\ViBuffer_Anim\00.VIbuffer_Anim_Cube</Filter>
    </ClCompile>
    <ClCompile Include="..\private\VIBuffer_Anim_Rect.cpp">
      <Filter>04.Components\VIBuffer\ViBuffer_Anim\01.VIBuffer_Ainm_Rect</Filter>
    </ClCompile>
    <ClCompile Include="..\Private\VIBuffer_CubeShader.cpp">
      <Filter>04.Components\VIBuffer\Cube</Filter>
    </ClCompile>
    <ClCompile Include="..\private\FrustumCulling_Manager.cpp">
      <Filter>09.FrustumCullingManager</Filter>
    </ClCompile>
    <ClCompile Include="..\Private\VIBuffer_RectShader.cpp">
      <Filter>04.Components\VIBuffer\Rect</Filter>
    </ClCompile>
  </ItemGroup>
</Project>