<?xml version="1.0" encoding="utf-8"?>
<Project ToolsVersion="4.0" xmlns="http://schemas.microsoft.com/developer/msbuild/2003">
  <ItemGroup>
    <Filter Include="99.Headers">
      <UniqueIdentifier>{fcace3ae-9159-40b6-9db2-b1157c2c1a8e}</UniqueIdentifier>
    </Filter>
    <Filter Include="00.MainApp">
      <UniqueIdentifier>{369681bb-6938-407b-bc8d-ba710eb82c23}</UniqueIdentifier>
    </Filter>
    <Filter Include="01.Levels">
      <UniqueIdentifier>{41256f5c-82f1-4be2-a738-7bf24b49e419}</UniqueIdentifier>
    </Filter>
    <Filter Include="02.GameObjects">
      <UniqueIdentifier>{fc197735-46d5-4551-ad66-96d8601cef85}</UniqueIdentifier>
    </Filter>
    <Filter Include="02.GameObjects\BackGround">
      <UniqueIdentifier>{cacde4f5-7fc7-406d-9ed5-7a738becec0f}</UniqueIdentifier>
    </Filter>
    <Filter Include="02.GameObjects\Terrain">
      <UniqueIdentifier>{9de21c46-a0f5-43b6-8a26-1378d9bcc1aa}</UniqueIdentifier>
    </Filter>
    <Filter Include="02.GameObjects\Camera">
      <UniqueIdentifier>{ca227791-6c30-46ed-b75c-8604aeaf2b89}</UniqueIdentifier>
    </Filter>
    <Filter Include="02.GameObjects\Camera\Free">
      <UniqueIdentifier>{9a579ff3-968b-4937-b82a-dcf470db3132}</UniqueIdentifier>
    </Filter>
    <Filter Include="02.GameObjects\Player">
      <UniqueIdentifier>{16d06422-a5ba-4e2c-af8a-628d2d2a5dc0}</UniqueIdentifier>
    </Filter>
    <Filter Include="01.Levels\02.GamePlay">
      <UniqueIdentifier>{efb49076-2627-4a87-abf5-c51f865b5c61}</UniqueIdentifier>
    </Filter>
    <Filter Include="01.Levels\01.Logo">
      <UniqueIdentifier>{a926e41f-b171-4b7c-90c8-605be1a166f7}</UniqueIdentifier>
    </Filter>
    <Filter Include="01.Levels\00.Loading">
      <UniqueIdentifier>{cd6f1077-a658-4259-ad08-ca7b827e1e50}</UniqueIdentifier>
    </Filter>
    <Filter Include="01.Levels\00.Loading\Loader">
      <UniqueIdentifier>{a4567c73-3efb-4ce1-a29b-da4945a9cb93}</UniqueIdentifier>
    </Filter>
    <Filter Include="02.GameObjects\99.MooGameOBj">
      <UniqueIdentifier>{cc9af935-1bfa-41fe-b2fb-a606983dd2eb}</UniqueIdentifier>
    </Filter>
    <Filter Include="01.Levels\98.Woo_Level">
      <UniqueIdentifier>{1c9b8337-13a5-45f4-9928-2e9fabb769ee}</UniqueIdentifier>
    </Filter>
    <Filter Include="01.Levels\99.Moo_Level">
      <UniqueIdentifier>{512437dd-cba9-4bf3-90d1-66f662014dc3}</UniqueIdentifier>
    </Filter>
    <Filter Include="01.Levels\100.Tool_Level">
      <UniqueIdentifier>{f3ef3871-2c1e-4094-a3e4-0d46527dd77d}</UniqueIdentifier>
    </Filter>
    <Filter Include="01.Levels\96.Hero_Level">
      <UniqueIdentifier>{0fddaa52-c229-4143-bb33-658575395b07}</UniqueIdentifier>
    </Filter>
    <Filter Include="01.Levels\95.Huck_Level">
      <UniqueIdentifier>{5e2cb000-7faa-4a12-9278-93b6fd4b74f1}</UniqueIdentifier>
    </Filter>
    <Filter Include="01.Levels\97.Yu_Level">
      <UniqueIdentifier>{7a1c36c3-72e4-420c-977f-871f02cb77a7}</UniqueIdentifier>
    </Filter>
    <Filter Include="02.GameObjects\99.YUGameObj">
      <UniqueIdentifier>{94f75442-4443-4798-94a7-e6320d1b41ac}</UniqueIdentifier>
    </Filter>
    <Filter Include="02.GameObjects\00.Cube">
      <UniqueIdentifier>{f69e9ec9-7769-4022-a924-c73c6795056c}</UniqueIdentifier>
    </Filter>
    <Filter Include="02.GameObjects\00.Cube\BreakableCube">
      <UniqueIdentifier>{0488b03f-b5b7-40b8-8574-6c042e114251}</UniqueIdentifier>
    </Filter>
    <Filter Include="02.GameObjects\01.EnvironmentCube">
      <UniqueIdentifier>{36d3484c-9877-44fd-9f1d-2faf9ee790fc}</UniqueIdentifier>
    </Filter>
    <Filter Include="100.Imgui">
      <UniqueIdentifier>{358cf3bf-282b-49f9-9823-cbcd4151d38f}</UniqueIdentifier>
    </Filter>
    <Filter Include="02.GameObjects\Tool">
      <UniqueIdentifier>{8dd9bcae-8454-402f-a09d-f9a622e50806}</UniqueIdentifier>
    </Filter>
    <Filter Include="02.GameObjects\97.HeroGameObj">
      <UniqueIdentifier>{1d6eeeac-132a-43a9-ba2c-c1c4fb854509}</UniqueIdentifier>
    </Filter>
    <Filter Include="02.GameObjects\97.HeroGameObj\HeroCube">
      <UniqueIdentifier>{ff815d71-a06f-4679-a898-8934e72fc6b3}</UniqueIdentifier>
    </Filter>
    <Filter Include="02.GameObjects\97.HeroGameObj\HeroCubeNoMove">
      <UniqueIdentifier>{ddb7df8e-096e-4719-91f9-4051854f1245}</UniqueIdentifier>
    </Filter>
    <Filter Include="02.GameObjects\Tool\MapTool">
      <UniqueIdentifier>{33461eac-7793-4962-8246-dfcca5364f21}</UniqueIdentifier>
    </Filter>
    <Filter Include="99.Headers\98.Default">
      <UniqueIdentifier>{c71aa598-32ef-4232-87ce-4a5d4dad2483}</UniqueIdentifier>
    </Filter>
    <Filter Include="02.GameObjects\99.MooGameOBj\00.Pawn">
      <UniqueIdentifier>{078da7be-a447-487e-9317-64540e099a94}</UniqueIdentifier>
    </Filter>
    <Filter Include="02.GameObjects\99.MooGameOBj\00.Pawn\Creeper">
      <UniqueIdentifier>{f5fc1b17-0b57-4901-8000-3421299ffdff}</UniqueIdentifier>
    </Filter>
    <Filter Include="02.GameObjects\99.MooGameOBj\00.Pawn\Steve">
      <UniqueIdentifier>{0d8a7297-4abd-484e-b486-d48c5e774727}</UniqueIdentifier>
    </Filter>
    <Filter Include="02.GameObjects\96.HyockGameObj">
      <UniqueIdentifier>{8a31c5af-11ec-412f-8e80-5543a28f4aab}</UniqueIdentifier>
    </Filter>
    <Filter Include="02.GameObjects\99.MooGameOBj\01.Model">
      <UniqueIdentifier>{870df70a-a72c-44f8-90a4-dc74afb89282}</UniqueIdentifier>
    </Filter>
    <Filter Include="02.GameObjects\99.MooGameOBj\01.Model\Tree">
      <UniqueIdentifier>{c6d205d6-2c92-49c2-8609-9aa9ee73e31d}</UniqueIdentifier>
    </Filter>
    <Filter Include="02.GameObjects\99.MooGameOBj\01.Model\Tree\Block">
      <UniqueIdentifier>{b8e50c1c-9e44-4cd6-b43a-8d3c1860d3ec}</UniqueIdentifier>
    </Filter>
    <Filter Include="02.GameObjects\Camera\FPS">
      <UniqueIdentifier>{b084cd19-32be-487a-b696-d299b5cdfed4}</UniqueIdentifier>
    </Filter>
    <Filter Include="02.GameObjects\Camera\TPS">
      <UniqueIdentifier>{f144a248-6181-4626-bfb5-013346057121}</UniqueIdentifier>
    </Filter>
    <Filter Include="02.GameObjects\Camera\00.CameraManager">
      <UniqueIdentifier>{9d537468-14f4-4e96-962a-897e70d09192}</UniqueIdentifier>
    </Filter>
    <Filter Include="03.Behavior_Tree">
      <UniqueIdentifier>{6c2d2db5-6575-4350-96b5-f1680963c5d7}</UniqueIdentifier>
    </Filter>
    <Filter Include="02.GameObjects\97.HeroGameObj\HeroEnemy">
      <UniqueIdentifier>{95716bec-861e-49d5-bd33-aa5e8e8ea25e}</UniqueIdentifier>
    </Filter>
    <Filter Include="02.GameObjects\Particle">
      <UniqueIdentifier>{e76eac64-4f2c-48d7-a84d-80b3b509d737}</UniqueIdentifier>
    </Filter>
  </ItemGroup>
  <ItemGroup>
    <ClInclude Include="Client.h">
      <Filter>99.Headers\98.Default</Filter>
    </ClInclude>
    <ClInclude Include="framework.h">
      <Filter>99.Headers\98.Default</Filter>
    </ClInclude>
    <ClInclude Include="Resource.h">
      <Filter>99.Headers\98.Default</Filter>
    </ClInclude>
    <ClInclude Include="targetver.h">
      <Filter>99.Headers\98.Default</Filter>
    </ClInclude>
    <ClInclude Include="MainApp.h">
      <Filter>00.MainApp</Filter>
    </ClInclude>
    <ClInclude Include="..\public\Client_Defines.h">
      <Filter>99.Headers</Filter>
    </ClInclude>
    <ClInclude Include="..\public\Client_Enum.h">
      <Filter>99.Headers</Filter>
    </ClInclude>
    <ClInclude Include="..\public\Level_Logo.h">
      <Filter>01.Levels\01.Logo</Filter>
    </ClInclude>
    <ClInclude Include="..\public\Level_Loading.h">
      <Filter>01.Levels\00.Loading</Filter>
    </ClInclude>
    <ClInclude Include="..\public\Loader.h">
      <Filter>01.Levels\00.Loading\Loader</Filter>
    </ClInclude>
    <ClInclude Include="..\public\Level_GamePlay.h">
      <Filter>01.Levels\02.GamePlay</Filter>
    </ClInclude>
    <ClInclude Include="..\public\BackGround.h">
      <Filter>02.GameObjects\BackGround</Filter>
    </ClInclude>
    <ClInclude Include="..\public\Terrain.h">
      <Filter>02.GameObjects\Terrain</Filter>
    </ClInclude>
    <ClInclude Include="..\public\Player.h">
      <Filter>02.GameObjects\Player</Filter>
    </ClInclude>
    <ClInclude Include="..\public\Creeper.h">
      <Filter>02.GameObjects\99.MooGameOBj\00.Pawn\Creeper</Filter>
    </ClInclude>
    <ClInclude Include="..\public\Level_TOOL.h">
      <Filter>01.Levels\100.Tool_Level</Filter>
    </ClInclude>
    <ClInclude Include="..\public\Level_YU.h">
      <Filter>01.Levels\97.Yu_Level</Filter>
    </ClInclude>
    <ClInclude Include="..\public\Level_WOO.h">
      <Filter>01.Levels\98.Woo_Level</Filter>
    </ClInclude>
    <ClInclude Include="..\public\Level_Hyeok.h">
      <Filter>01.Levels\95.Huck_Level</Filter>
    </ClInclude>
    <ClInclude Include="..\public\Level_HERO.h">
      <Filter>01.Levels\96.Hero_Level</Filter>
    </ClInclude>
    <ClInclude Include="..\..\Imgui\imgui.h">
      <Filter>100.Imgui</Filter>
    </ClInclude>
    <ClInclude Include="..\..\Imgui\imgui_impl_dx9.h">
      <Filter>100.Imgui</Filter>
    </ClInclude>
    <ClInclude Include="..\..\Imgui\imgui_impl_win32.h">
      <Filter>100.Imgui</Filter>
    </ClInclude>
    <ClInclude Include="..\..\Imgui\imgui_internal.h">
      <Filter>100.Imgui</Filter>
    </ClInclude>
    <ClInclude Include="..\..\Imgui\imstb_rectpack.h">
      <Filter>100.Imgui</Filter>
    </ClInclude>
    <ClInclude Include="..\..\Imgui\imstb_textedit.h">
      <Filter>100.Imgui</Filter>
    </ClInclude>
    <ClInclude Include="..\..\Imgui\imstb_truetype.h">
      <Filter>100.Imgui</Filter>
    </ClInclude>
    <ClInclude Include="..\..\Imgui\imconfig.h">
      <Filter>100.Imgui</Filter>
    </ClInclude>
    <ClInclude Include="..\public\Tool.h">
      <Filter>02.GameObjects\Tool</Filter>
    </ClInclude>
    <ClInclude Include="..\public\MCTerrain.h">
      <Filter>02.GameObjects\99.YUGameObj</Filter>
    </ClInclude>
    <ClInclude Include="..\public\Cube.h">
      <Filter>02.GameObjects\00.Cube</Filter>
    </ClInclude>
    <ClInclude Include="..\public\BreakableCube.h">
      <Filter>02.GameObjects\00.Cube\BreakableCube</Filter>
    </ClInclude>
    <ClInclude Include="..\public\Dirt.h">
      <Filter>02.GameObjects\01.EnvironmentCube</Filter>
    </ClInclude>
    <ClInclude Include="..\public\HeroCube.h">
      <Filter>02.GameObjects\97.HeroGameObj\HeroCube</Filter>
    </ClInclude>
    <ClInclude Include="..\public\HeroCubeNoMove.h">
      <Filter>02.GameObjects\97.HeroGameObj\HeroCubeNoMove</Filter>
    </ClInclude>
    <ClInclude Include="..\public\MapTool.h">
      <Filter>02.GameObjects\Tool\MapTool</Filter>
    </ClInclude>
    <ClInclude Include="..\public\Stone.h">
      <Filter>02.GameObjects\01.EnvironmentCube</Filter>
    </ClInclude>
    <ClInclude Include="..\public\GrassDirt.h">
      <Filter>02.GameObjects\01.EnvironmentCube</Filter>
    </ClInclude>
    <ClInclude Include="..\public\CoalOre.h">
      <Filter>02.GameObjects\01.EnvironmentCube</Filter>
    </ClInclude>
    <ClInclude Include="..\public\Level_Moo.h">
      <Filter>01.Levels\99.Moo_Level</Filter>
    </ClInclude>
    <ClInclude Include="..\public\Steve.h">
      <Filter>02.GameObjects\99.MooGameOBj\00.Pawn\Steve</Filter>
    </ClInclude>
    <ClInclude Include="..\public\Client_Struct.h">
      <Filter>99.Headers</Filter>
    </ClInclude>
    <ClInclude Include="..\public\HyockCube.h">
      <Filter>02.GameObjects\96.HyockGameObj</Filter>
    </ClInclude>
    <ClInclude Include="..\public\Tree.h">
      <Filter>02.GameObjects\99.MooGameOBj\01.Model\Tree</Filter>
    </ClInclude>
    <ClInclude Include="..\public\Wood.h">
      <Filter>02.GameObjects\99.MooGameOBj\01.Model\Tree\Block</Filter>
    </ClInclude>
    <ClInclude Include="..\public\Leaf.h">
      <Filter>02.GameObjects\99.MooGameOBj\01.Model\Tree\Block</Filter>
    </ClInclude>
    <ClInclude Include="..\public\Camera_Free.h">
      <Filter>02.GameObjects\Camera\Free</Filter>
    </ClInclude>
    <ClInclude Include="..\public\Camera_TPS.h">
      <Filter>02.GameObjects\Camera\TPS</Filter>
    </ClInclude>
    <ClInclude Include="..\public\Camera_FPS.h">
      <Filter>02.GameObjects\Camera\FPS</Filter>
    </ClInclude>
    <ClInclude Include="..\public\CameraManager.h">
      <Filter>02.GameObjects\Camera\00.CameraManager</Filter>
    </ClInclude>
    <ClInclude Include="..\public\Behavior_Tree.h">
      <Filter>03.Behavior_Tree</Filter>
    </ClInclude>
    <ClInclude Include="..\public\HeroEnemy.h">
      <Filter>02.GameObjects\97.HeroGameObj\HeroEnemy</Filter>
    </ClInclude>
    <ClInclude Include="..\public\ParticleRain.h">
      <Filter>02.GameObjects\Particle</Filter>
    </ClInclude>
    <ClInclude Include="..\public\ParticleDash.h">
      <Filter>02.GameObjects\Particle</Filter>
    </ClInclude>
  </ItemGroup>
  <ItemGroup>
    <Image Include="Client.ico">
      <Filter>99.Headers\98.Default</Filter>
    </Image>
    <Image Include="small.ico">
      <Filter>99.Headers\98.Default</Filter>
    </Image>
  </ItemGroup>
  <ItemGroup>
    <ResourceCompile Include="Client.rc">
      <Filter>99.Headers\98.Default</Filter>
    </ResourceCompile>
  </ItemGroup>
  <ItemGroup>
    <ClCompile Include="Client.cpp">
      <Filter>99.Headers\98.Default</Filter>
    </ClCompile>
    <ClCompile Include="MainApp.cpp">
      <Filter>00.MainApp</Filter>
    </ClCompile>
    <ClCompile Include="..\Private\Level_Logo.cpp">
      <Filter>01.Levels\01.Logo</Filter>
    </ClCompile>
    <ClCompile Include="..\private\Level_Loading.cpp">
      <Filter>01.Levels\00.Loading</Filter>
    </ClCompile>
    <ClCompile Include="..\private\Loader.cpp">
      <Filter>01.Levels\00.Loading\Loader</Filter>
    </ClCompile>
    <ClCompile Include="..\private\Level_GamePlay.cpp">
      <Filter>01.Levels\02.GamePlay</Filter>
    </ClCompile>
    <ClCompile Include="..\Private\BackGround.cpp">
      <Filter>02.GameObjects\BackGround</Filter>
    </ClCompile>
    <ClCompile Include="..\private\Terrain.cpp">
      <Filter>02.GameObjects\Terrain</Filter>
    </ClCompile>
    <ClCompile Include="..\private\Camera_Free.cpp">
      <Filter>02.GameObjects\Camera\Free</Filter>
    </ClCompile>
    <ClCompile Include="..\private\Player.cpp">
      <Filter>02.GameObjects\Player</Filter>
    </ClCompile>
    <ClCompile Include="..\private\Creeper.cpp">
      <Filter>02.GameObjects\99.MooGameOBj\00.Pawn\Creeper</Filter>
    </ClCompile>
    <ClCompile Include="..\private\Level_Hyeok.cpp">
      <Filter>01.Levels\95.Huck_Level</Filter>
    </ClCompile>
    <ClCompile Include="..\private\Level_HERO.cpp">
      <Filter>01.Levels\96.Hero_Level</Filter>
    </ClCompile>
    <ClCompile Include="..\private\Level_WOO.cpp">
      <Filter>01.Levels\98.Woo_Level</Filter>
    </ClCompile>
    <ClCompile Include="..\private\Level_YU.cpp">
      <Filter>01.Levels\97.Yu_Level</Filter>
    </ClCompile>
    <ClCompile Include="..\private\Level_TOOL.cpp">
      <Filter>01.Levels\100.Tool_Level</Filter>
    </ClCompile>
    <ClCompile Include="..\..\Imgui\imgui.cpp">
      <Filter>100.Imgui</Filter>
    </ClCompile>
    <ClCompile Include="..\..\Imgui\imgui_demo.cpp">
      <Filter>100.Imgui</Filter>
    </ClCompile>
    <ClCompile Include="..\..\Imgui\imgui_draw.cpp">
      <Filter>100.Imgui</Filter>
    </ClCompile>
    <ClCompile Include="..\..\Imgui\imgui_impl_dx9.cpp">
      <Filter>100.Imgui</Filter>
    </ClCompile>
    <ClCompile Include="..\..\Imgui\imgui_impl_win32.cpp">
      <Filter>100.Imgui</Filter>
    </ClCompile>
    <ClCompile Include="..\..\Imgui\imgui_tables.cpp">
      <Filter>100.Imgui</Filter>
    </ClCompile>
    <ClCompile Include="..\..\Imgui\imgui_widgets.cpp">
      <Filter>100.Imgui</Filter>
    </ClCompile>
    <ClCompile Include="..\private\Tool.cpp">
      <Filter>02.GameObjects\Tool</Filter>
    </ClCompile>
    <ClCompile Include="..\private\MCTerrain.cpp">
      <Filter>02.GameObjects\99.YUGameObj</Filter>
    </ClCompile>
    <ClCompile Include="..\private\Cube.cpp">
      <Filter>02.GameObjects\00.Cube</Filter>
    </ClCompile>
    <ClCompile Include="..\private\BreakableCube.cpp">
      <Filter>02.GameObjects\00.Cube\BreakableCube</Filter>
    </ClCompile>
    <ClCompile Include="..\private\Dirt.cpp">
      <Filter>02.GameObjects\01.EnvironmentCube</Filter>
    </ClCompile>
    <ClCompile Include="..\private\HeroCube.cpp">
      <Filter>02.GameObjects\97.HeroGameObj\HeroCube</Filter>
    </ClCompile>
    <ClCompile Include="..\private\HeroCubeNoMove.cpp">
      <Filter>02.GameObjects\97.HeroGameObj\HeroCubeNoMove</Filter>
    </ClCompile>
    <ClCompile Include="..\private\MapTool.cpp">
      <Filter>02.GameObjects\Tool\MapTool</Filter>
    </ClCompile>
    <ClCompile Include="..\private\Stone.cpp">
      <Filter>02.GameObjects\01.EnvironmentCube</Filter>
    </ClCompile>
    <ClCompile Include="..\private\GrassDirt.cpp">
      <Filter>02.GameObjects\01.EnvironmentCube</Filter>
    </ClCompile>
    <ClCompile Include="..\private\CoalOre.cpp">
      <Filter>02.GameObjects\01.EnvironmentCube</Filter>
    </ClCompile>
    <ClCompile Include="..\private\Level_Moo.cpp">
      <Filter>01.Levels\99.Moo_Level</Filter>
    </ClCompile>
    <ClCompile Include="..\private\Steve.cpp">
      <Filter>02.GameObjects\99.MooGameOBj\00.Pawn\Steve</Filter>
    </ClCompile>
    <ClCompile Include="..\private\Tree.cpp">
      <Filter>02.GameObjects\99.MooGameOBj\01.Model\Tree</Filter>
    </ClCompile>
    <ClCompile Include="..\private\Wood.cpp">
      <Filter>02.GameObjects\99.MooGameOBj\01.Model\Tree\Block</Filter>
    </ClCompile>
    <ClCompile Include="..\private\Leaf.cpp">
      <Filter>02.GameObjects\99.MooGameOBj\01.Model\Tree\Block</Filter>
    </ClCompile>
    <ClCompile Include="..\private\Camera_TPS.cpp">
      <Filter>02.GameObjects\Camera\TPS</Filter>
    </ClCompile>
    <ClCompile Include="..\private\Camera_FPS.cpp">
      <Filter>02.GameObjects\Camera\FPS</Filter>
    </ClCompile>
    <ClCompile Include="..\private\CameraManager.cpp">
      <Filter>02.GameObjects\Camera\00.CameraManager</Filter>
    </ClCompile>
    <ClCompile Include="..\private\Behavior_Tree.cpp">
      <Filter>03.Behavior_Tree</Filter>
    </ClCompile>
    <ClCompile Include="..\private\HeroEnemy.cpp">
      <Filter>02.GameObjects\97.HeroGameObj\HeroEnemy</Filter>
    </ClCompile>
    <ClCompile Include="..\private\HyockCube.cpp">
      <Filter>02.GameObjects\96.HyockGameObj</Filter>
    </ClCompile>
    <ClCompile Include="..\private\ParticleRain.cpp">
      <Filter>02.GameObjects\Particle</Filter>
    </ClCompile>
    <ClCompile Include="..\private\ParticleDash.cpp">
      <Filter>02.GameObjects\Particle</Filter>
    </ClCompile>
  </ItemGroup>
  <ItemGroup>
    <Text Include="ReadMe.txt" />
  </ItemGroup>
</Project>