<?xml version="1.0" encoding="utf-8"?>
<Project ToolsVersion="4.0" xmlns="http://schemas.microsoft.com/developer/msbuild/2003">
  <ItemGroup>
    <Filter Include="00.MainApp">
      <UniqueIdentifier>{369681bb-6938-407b-bc8d-ba710eb82c23}</UniqueIdentifier>
    </Filter>
    <Filter Include="01.Levels">
      <UniqueIdentifier>{41256f5c-82f1-4be2-a738-7bf24b49e419}</UniqueIdentifier>
    </Filter>
    <Filter Include="02.GameObjects">
      <UniqueIdentifier>{fc197735-46d5-4551-ad66-96d8601cef85}</UniqueIdentifier>
    </Filter>
    <Filter Include="01.Levels\02.GamePlay">
      <UniqueIdentifier>{efb49076-2627-4a87-abf5-c51f865b5c61}</UniqueIdentifier>
    </Filter>
    <Filter Include="01.Levels\01.Logo">
      <UniqueIdentifier>{a926e41f-b171-4b7c-90c8-605be1a166f7}</UniqueIdentifier>
    </Filter>
    <Filter Include="01.Levels\00.Loading">
      <UniqueIdentifier>{cd6f1077-a658-4259-ad08-ca7b827e1e50}</UniqueIdentifier>
    </Filter>
    <Filter Include="01.Levels\00.Loading\Loader">
      <UniqueIdentifier>{a4567c73-3efb-4ce1-a29b-da4945a9cb93}</UniqueIdentifier>
    </Filter>
    <Filter Include="01.Levels\98.Woo_Level">
      <UniqueIdentifier>{1c9b8337-13a5-45f4-9928-2e9fabb769ee}</UniqueIdentifier>
    </Filter>
    <Filter Include="01.Levels\99.Moo_Level">
      <UniqueIdentifier>{512437dd-cba9-4bf3-90d1-66f662014dc3}</UniqueIdentifier>
    </Filter>
    <Filter Include="01.Levels\100.Tool_Level">
      <UniqueIdentifier>{f3ef3871-2c1e-4094-a3e4-0d46527dd77d}</UniqueIdentifier>
    </Filter>
    <Filter Include="01.Levels\96.Hero_Level">
      <UniqueIdentifier>{0fddaa52-c229-4143-bb33-658575395b07}</UniqueIdentifier>
    </Filter>
    <Filter Include="01.Levels\95.Huck_Level">
      <UniqueIdentifier>{5e2cb000-7faa-4a12-9278-93b6fd4b74f1}</UniqueIdentifier>
    </Filter>
    <Filter Include="01.Levels\97.Yu_Level">
      <UniqueIdentifier>{7a1c36c3-72e4-420c-977f-871f02cb77a7}</UniqueIdentifier>
    </Filter>
    <Filter Include="02.GameObjects\00.Cube">
      <UniqueIdentifier>{f69e9ec9-7769-4022-a924-c73c6795056c}</UniqueIdentifier>
    </Filter>
    <Filter Include="100.Imgui">
      <UniqueIdentifier>{358cf3bf-282b-49f9-9823-cbcd4151d38f}</UniqueIdentifier>
    </Filter>
    <Filter Include="02.GameObjects\02.Camera">
      <UniqueIdentifier>{ca227791-6c30-46ed-b75c-8604aeaf2b89}</UniqueIdentifier>
    </Filter>
    <Filter Include="02.GameObjects\02.Camera\Free">
      <UniqueIdentifier>{9a579ff3-968b-4937-b82a-dcf470db3132}</UniqueIdentifier>
    </Filter>
    <Filter Include="02.GameObjects\02.Camera\Player">
      <UniqueIdentifier>{b084cd19-32be-487a-b696-d299b5cdfed4}</UniqueIdentifier>
    </Filter>
    <Filter Include="98.Default">
      <UniqueIdentifier>{c71aa598-32ef-4232-87ce-4a5d4dad2483}</UniqueIdentifier>
    </Filter>
    <Filter Include="03.UI">
      <UniqueIdentifier>{dfbb2e79-d75a-4621-9897-e29f74edbd01}</UniqueIdentifier>
    </Filter>
    <Filter Include="03.UI\00.MainLogo">
      <UniqueIdentifier>{b828998a-4569-4d8c-9de0-8e447ba86c1a}</UniqueIdentifier>
    </Filter>
    <Filter Include="03.UI\01.StartButton">
      <UniqueIdentifier>{63beb701-9cd8-4e97-9eaa-fca31c7f74ab}</UniqueIdentifier>
    </Filter>
    <Filter Include="03.UI\02.title">
      <UniqueIdentifier>{62fff89f-c69c-4580-8a86-a9bd56df71c1}</UniqueIdentifier>
    </Filter>
    <Filter Include="03.UI\03.edition">
      <UniqueIdentifier>{bd44ce59-d87b-47ac-9a92-589a37bb1fe2}</UniqueIdentifier>
    </Filter>
    <Filter Include="03.UI\04.Inventory">
      <UniqueIdentifier>{b81d3eea-ee7c-4da5-9c6b-b3d81e2cebc4}</UniqueIdentifier>
    </Filter>
    <Filter Include="03.UI\04.Inventory\00.MainInventory">
      <UniqueIdentifier>{dbc2aa14-0264-4b7e-8c8a-6717b0bb176b}</UniqueIdentifier>
    </Filter>
    <Filter Include="03.UI\04.Inventory\02.CheckBox">
      <UniqueIdentifier>{5249cb73-c614-4b68-bd82-7f86d3bf1f9f}</UniqueIdentifier>
    </Filter>
    <Filter Include="03.UI\04.Inventory\01.SubInventory">
      <UniqueIdentifier>{dbc2aa14-0264-4b7e-8c8a-6717b0bb176b}</UniqueIdentifier>
    </Filter>
    <Filter Include="03.UI\04.Inventory\03.Inventory_Back">
      <UniqueIdentifier>{b21708e2-0b09-473f-ad1f-34ff0d083809}</UniqueIdentifier>
    </Filter>
    <Filter Include="04.Behavior_Tree">
      <UniqueIdentifier>{6c2d2db5-6575-4350-96b5-f1680963c5d7}</UniqueIdentifier>
    </Filter>
    <Filter Include="02.GameObjects\99.Teacher">
      <UniqueIdentifier>{4acf7002-5e5e-4492-ad61-63fd6a228b8e}</UniqueIdentifier>
    </Filter>
    <Filter Include="02.GameObjects\99.Teacher\Player">
      <UniqueIdentifier>{16d06422-a5ba-4e2c-af8a-628d2d2a5dc0}</UniqueIdentifier>
    </Filter>
    <Filter Include="02.GameObjects\99.Teacher\Terrain">
      <UniqueIdentifier>{9de21c46-a0f5-43b6-8a26-1378d9bcc1aa}</UniqueIdentifier>
    </Filter>
    <Filter Include="02.GameObjects\99.Teacher\BackGround">
      <UniqueIdentifier>{cacde4f5-7fc7-406d-9ed5-7a738becec0f}</UniqueIdentifier>
    </Filter>
    <Filter Include="02.GameObjects\00.Cube\01.EnvironmentCube">
      <UniqueIdentifier>{36d3484c-9877-44fd-9f1d-2faf9ee790fc}</UniqueIdentifier>
    </Filter>
    <Filter Include="02.GameObjects\00.Cube\00.BreakableCube">
      <UniqueIdentifier>{0488b03f-b5b7-40b8-8574-6c042e114251}</UniqueIdentifier>
    </Filter>
    <Filter Include="02.GameObjects\00.Cube\02.HyockCube">
      <UniqueIdentifier>{5226c012-2fd7-466f-9a92-c4c285e06ec3}</UniqueIdentifier>
    </Filter>
    <Filter Include="02.GameObjects\00.Cube\03.HeroCube">
      <UniqueIdentifier>{ff815d71-a06f-4679-a898-8934e72fc6b3}</UniqueIdentifier>
    </Filter>
    <Filter Include="02.GameObjects\01.Actor">
      <UniqueIdentifier>{cc9af935-1bfa-41fe-b2fb-a606983dd2eb}</UniqueIdentifier>
    </Filter>
    <Filter Include="02.GameObjects\01.Actor\00.Pawn">
      <UniqueIdentifier>{078da7be-a447-487e-9317-64540e099a94}</UniqueIdentifier>
    </Filter>
    <Filter Include="02.GameObjects\01.Actor\01.NoMove">
      <UniqueIdentifier>{870df70a-a72c-44f8-90a4-dc74afb89282}</UniqueIdentifier>
    </Filter>
    <Filter Include="02.GameObjects\01.Actor\01.NoMove\00.Tree">
      <UniqueIdentifier>{c6d205d6-2c92-49c2-8609-9aa9ee73e31d}</UniqueIdentifier>
    </Filter>
    <Filter Include="02.GameObjects\01.Actor\01.NoMove\00.Tree\Block">
      <UniqueIdentifier>{b8e50c1c-9e44-4cd6-b43a-8d3c1860d3ec}</UniqueIdentifier>
    </Filter>
    <Filter Include="02.GameObjects\01.Actor\01.NoMove\01.HeroCubeNoMove">
      <UniqueIdentifier>{ddb7df8e-096e-4719-91f9-4051854f1245}</UniqueIdentifier>
    </Filter>
    <Filter Include="02.GameObjects\01.Actor\00.Pawn\00.Steve">
      <UniqueIdentifier>{0d8a7297-4abd-484e-b486-d48c5e774727}</UniqueIdentifier>
    </Filter>
    <Filter Include="02.GameObjects\01.Actor\00.Pawn\01.Monster">
      <UniqueIdentifier>{85c77c0b-6725-4c2e-b6c2-651cdd0b5d3d}</UniqueIdentifier>
    </Filter>
    <Filter Include="02.GameObjects\01.Actor\00.Pawn\04.HeroEnemy">
      <UniqueIdentifier>{95716bec-861e-49d5-bd33-aa5e8e8ea25e}</UniqueIdentifier>
    </Filter>
    <Filter Include="02.GameObjects\01.Actor\00.Pawn\04.HeroEnemy\Action">
      <UniqueIdentifier>{8e527e81-b6fa-45aa-a003-763b8c1f9c83}</UniqueIdentifier>
    </Filter>
    <Filter Include="02.GameObjects\01.Actor\00.Pawn\04.HeroEnemy\Action\Check_Enemy">
      <UniqueIdentifier>{9bad2947-082a-42c1-9cb4-36c8a1bc8580}</UniqueIdentifier>
    </Filter>
    <Filter Include="02.GameObjects\01.Actor\00.Pawn\04.HeroEnemy\Action\Chase_Enemy">
      <UniqueIdentifier>{12324777-f39b-4cc0-ac76-3363161effb0}</UniqueIdentifier>
    </Filter>
    <Filter Include="02.GameObjects\01.Actor\00.Pawn\04.HeroEnemy\Action\Patrol">
      <UniqueIdentifier>{3786004d-b6e0-4a00-83c8-215590c82138}</UniqueIdentifier>
    </Filter>
    <Filter Include="02.GameObjects\03.Sky">
      <UniqueIdentifier>{e738a63a-859f-43d0-9662-698698f5c1da}</UniqueIdentifier>
    </Filter>
    <Filter Include="02.GameObjects\03.Sky\01.SkyBox">
      <UniqueIdentifier>{2e4902cf-7091-4917-b530-ae487272273e}</UniqueIdentifier>
    </Filter>
    <Filter Include="02.GameObjects\03.Sky\02.Cloud">
      <UniqueIdentifier>{6bbb737d-2be1-42bb-9082-1ac35b533fef}</UniqueIdentifier>
    </Filter>
    <Filter Include="02.GameObjects\03.Sky\00.Sun">
      <UniqueIdentifier>{083d9647-2504-46a1-bd01-76949a39a78e}</UniqueIdentifier>
    </Filter>
    <Filter Include="02.GameObjects\04.MCTerrain">
      <UniqueIdentifier>{449cd4be-918f-4f9f-aa1f-14f21b6f05e3}</UniqueIdentifier>
    </Filter>
    <Filter Include="02.GameObjects\05.Particle">
      <UniqueIdentifier>{e76eac64-4f2c-48d7-a84d-80b3b509d737}</UniqueIdentifier>
    </Filter>
    <Filter Include="02.GameObjects\05.Particle\Mining">
      <UniqueIdentifier>{b91c73a2-544b-4775-a503-c3052171b117}</UniqueIdentifier>
    </Filter>
    <Filter Include="02.GameObjects\05.Particle\Base">
      <UniqueIdentifier>{20a35114-1f2e-4e16-aae8-1af1303c0d72}</UniqueIdentifier>
    </Filter>
    <Filter Include="02.GameObjects\05.Particle\Destroy">
      <UniqueIdentifier>{da5f4e4c-9a63-42a9-8f6c-7a9c2365eaa7}</UniqueIdentifier>
    </Filter>
    <Filter Include="97.ShaderFiles">
      <UniqueIdentifier>{558c5abc-bfba-4142-ab35-998956f6d037}</UniqueIdentifier>
    </Filter>
    <Filter Include="02.GameObjects\07.Tool">
      <UniqueIdentifier>{8dd9bcae-8454-402f-a09d-f9a622e50806}</UniqueIdentifier>
    </Filter>
    <Filter Include="02.GameObjects\07.Tool\MapTool">
      <UniqueIdentifier>{33461eac-7793-4962-8246-dfcca5364f21}</UniqueIdentifier>
    </Filter>
    <Filter Include="03.UI\05.PlayerState">
      <UniqueIdentifier>{b9eb9284-00aa-4678-9b29-dfaf4238d7c6}</UniqueIdentifier>
    </Filter>
    <Filter Include="03.UI\05.PlayerState\00.PlayerHP">
      <UniqueIdentifier>{2e6789bb-fc12-40c1-9880-f3f0e15053d1}</UniqueIdentifier>
    </Filter>
    <Filter Include="02.GameObjects\00.Cube\ItemObj">
      <UniqueIdentifier>{ce8c2ebb-f3bb-40a8-92ce-87cef72f8883}</UniqueIdentifier>
    </Filter>
    <Filter Include="03.UI\06.UIParticle">
      <UniqueIdentifier>{1b18e013-c1c8-40bf-99cf-d90c6df75a78}</UniqueIdentifier>
    </Filter>
    <Filter Include="03.UI\05.PlayerState\01.PlayerHunger">
      <UniqueIdentifier>{e70a954c-2a10-44ae-84f8-d638694a60fb}</UniqueIdentifier>
    </Filter>
    <Filter Include="03.UI\05.PlayerState\02.PlayerExp">
      <UniqueIdentifier>{be029a2e-92dc-4ce0-83b6-400ee3eb2035}</UniqueIdentifier>
    </Filter>
    <Filter Include="04.Behavior_Tree\BTNode">
      <UniqueIdentifier>{f7a56e8f-dd64-483b-80fd-ddc4b35d8bd3}</UniqueIdentifier>
    </Filter>
    <Filter Include="101.ObserverPattern">
      <UniqueIdentifier>{c5b9c737-054a-4e33-bdce-ca55acc70337}</UniqueIdentifier>
    </Filter>
    <Filter Include="03.UI\05.PlayerState\03.PlayerLevel">
      <UniqueIdentifier>{525bc881-5430-4351-8fbf-b197eb91c1ca}</UniqueIdentifier>
    </Filter>
    <Filter Include="02.GameObjects\01.Actor\00.Pawn\01.Monster\00.Creeper">
      <UniqueIdentifier>{f5fc1b17-0b57-4901-8000-3421299ffdff}</UniqueIdentifier>
    </Filter>
    <Filter Include="02.GameObjects\01.Actor\00.Pawn\01.Monster\01.Zombi">
      <UniqueIdentifier>{6793b5d6-1d4e-436c-ba44-72ca082eac6b}</UniqueIdentifier>
    </Filter>
    <Filter Include="05.Mouse">
      <UniqueIdentifier>{b87cc9f4-0248-4b6b-b755-092782f2f18f}</UniqueIdentifier>
    </Filter>
    <Filter Include="03.UI\07.Mouse_UI">
      <UniqueIdentifier>{1ae29a47-5cfd-4a67-a6bd-0e5e0016d828}</UniqueIdentifier>
    </Filter>
    <Filter Include="06.Manager">
      <UniqueIdentifier>{aff4408e-e4d1-4958-9d91-7e74d7ef330b}</UniqueIdentifier>
    </Filter>
    <Filter Include="02.GameObjects\06.Right_Hand">
      <UniqueIdentifier>{c4fb0171-7320-416e-85ac-fa2d0331adaf}</UniqueIdentifier>
    </Filter>
    <Filter Include="02.GameObjects\06.Right_Hand\00.Arm_Model">
      <UniqueIdentifier>{b1a8865c-b1d7-422b-92bf-072f1b491b3e}</UniqueIdentifier>
    </Filter>
    <Filter Include="02.GameObjects\06.Right_Hand\01.Cube_Model">
      <UniqueIdentifier>{919cd1bd-35af-4c7b-8c72-5c8b125deae2}</UniqueIdentifier>
    </Filter>
    <Filter Include="02.GameObjects\06.Right_Hand\02.Rect_Model">
      <UniqueIdentifier>{46952101-c5a9-4eed-b9f6-1bb320096855}</UniqueIdentifier>
    </Filter>
    <Filter Include="02.GameObjects\06.Right_Hand\RIght_hand_Object">
      <UniqueIdentifier>{42dd935a-5469-468e-b5db-7bfcae7026e5}</UniqueIdentifier>
    </Filter>
    <Filter Include="03.UI\07.Mouse_UI\00.Mouse_Item">
      <UniqueIdentifier>{160c0cc7-67a0-46a3-9ec0-06b125b8d733}</UniqueIdentifier>
    </Filter>
    <Filter Include="03.UI\07.Mouse_UI\01.Mouse_ItemFont">
      <UniqueIdentifier>{ad7a7ce3-55b3-497f-b0f0-d1fb8e0846a4}</UniqueIdentifier>
    </Filter>
    <Filter Include="99.Headers">
      <UniqueIdentifier>{fcace3ae-9159-40b6-9db2-b1157c2c1a8e}</UniqueIdentifier>
    </Filter>
    <Filter Include="03.UI\04.Inventory\04.SlotInfo">
      <UniqueIdentifier>{7bcd92a0-958a-4574-a45f-9d3fd6353c56}</UniqueIdentifier>
    </Filter>
    <Filter Include="02.GameObjects\06.Right_Hand\03.Left_Rect_Model">
      <UniqueIdentifier>{8b8f165a-c97a-4aaf-940e-36b6a8a8b484}</UniqueIdentifier>
    </Filter>
    <Filter Include="02.GameObjects\08.GameMgr">
      <UniqueIdentifier>{8632f159-1743-49bc-a2a3-b6fec4043883}</UniqueIdentifier>
    </Filter>
    <Filter Include="03.UI\08.DropItem">
      <UniqueIdentifier>{f5b13b2e-050c-4040-87aa-d6de24d20773}</UniqueIdentifier>
    </Filter>
    <Filter Include="03.UI\04.Inventory\05.Bag">
      <UniqueIdentifier>{9e4d4d43-a141-4586-ab41-0def7821c9a7}</UniqueIdentifier>
    </Filter>
    <Filter Include="02.GameObjects\05.Particle\Eat">
      <UniqueIdentifier>{f3839b38-8c13-4998-a407-3bbd409c0e84}</UniqueIdentifier>
    </Filter>
    <Filter Include="07.ThreadPool">
      <UniqueIdentifier>{0783da55-7a07-4269-b997-e343d746f55b}</UniqueIdentifier>
    </Filter>
    <Filter Include="02.GameObjects\00.Cube\ItemObj\Items">
      <UniqueIdentifier>{3539fe27-fc9f-41fc-ae2f-03844b52dc7a}</UniqueIdentifier>
    </Filter>
    <Filter Include="02.GameObjects\01.Actor\00.Pawn\02.BossMonster">
      <UniqueIdentifier>{de74e917-c0ed-42d7-b233-f6cdd993b7d1}</UniqueIdentifier>
    </Filter>
    <Filter Include="02.GameObjects\09.Effect">
      <UniqueIdentifier>{0c0e97dc-4081-4894-8b9c-53b4466b61bb}</UniqueIdentifier>
    </Filter>
    <Filter Include="08.Mission">
      <UniqueIdentifier>{4d903306-9314-4904-b66e-9358099703b1}</UniqueIdentifier>
    </Filter>
    <Filter Include="08.Mission\Ui">
      <UniqueIdentifier>{2b3acd74-b303-407f-a52a-df4509624707}</UniqueIdentifier>
    </Filter>
    <Filter Include="04.Behavior_Tree\BTNode\Warden">
      <UniqueIdentifier>{bed2019c-3d91-4bea-8a67-e931027c6837}</UniqueIdentifier>
    </Filter>
    <Filter Include="04.Behavior_Tree\BTNode\Normal">
      <UniqueIdentifier>{d398b9e9-4384-45a4-8873-f9bcea5ff6b8}</UniqueIdentifier>
    </Filter>
    <Filter Include="04.Behavior_Tree\BTNode\Normal\Tasks">
      <UniqueIdentifier>{d16a0b49-37be-4fee-ba38-f43256748dc3}</UniqueIdentifier>
    </Filter>
    <Filter Include="04.Behavior_Tree\BTNode\Normal\Tasks\Detect_Enemy">
      <UniqueIdentifier>{8862f7df-7ebb-492e-b952-c50812b2dedb}</UniqueIdentifier>
    </Filter>
    <Filter Include="04.Behavior_Tree\BTNode\Normal\Tasks\Chase">
      <UniqueIdentifier>{d745473e-bb1e-4df3-9421-f566c900b8ce}</UniqueIdentifier>
    </Filter>
    <Filter Include="04.Behavior_Tree\BTNode\Normal\Tasks\Patrol">
      <UniqueIdentifier>{2de4bdd5-e366-4266-b747-9345a0f6f79c}</UniqueIdentifier>
    </Filter>
    <Filter Include="04.Behavior_Tree\BTNode\Normal\Tasks\Attack">
      <UniqueIdentifier>{1a7ada9d-f435-4878-a2dc-479e6651e742}</UniqueIdentifier>
    </Filter>
    <Filter Include="04.Behavior_Tree\BTNode\Normal\Decorator">
      <UniqueIdentifier>{7c91c559-e996-42c0-afde-ab9f0232197e}</UniqueIdentifier>
    </Filter>
    <Filter Include="04.Behavior_Tree\BTNode\Normal\Decorator\Check_Distance">
      <UniqueIdentifier>{7a7aae3a-9527-4d67-9d44-d7b51a196bb6}</UniqueIdentifier>
    </Filter>
    <Filter Include="04.Behavior_Tree\BTNode\Normal\Decorator\DistanceBranch">
      <UniqueIdentifier>{38d7dc54-59c4-465f-87d0-21fd2447db23}</UniqueIdentifier>
    </Filter>
    <Filter Include="04.Behavior_Tree\BTNode\Warden\Task">
      <UniqueIdentifier>{8066f1fb-5f8c-42a2-9652-b655a421ce9a}</UniqueIdentifier>
    </Filter>
    <Filter Include="04.Behavior_Tree\BTNode\Warden\Decorator">
      <UniqueIdentifier>{ac611a35-4c7c-40d8-81cc-ff45fdaa2567}</UniqueIdentifier>
    </Filter>
    <Filter Include="02.GameObjects\05.Particle\FireCracker">
      <UniqueIdentifier>{fd189827-f7ba-4082-ac1f-539345ed00e1}</UniqueIdentifier>
    </Filter>
  </ItemGroup>
  <ItemGroup>
    <ClInclude Include="Client.h">
      <Filter>98.Default</Filter>
    </ClInclude>
    <ClInclude Include="framework.h">
      <Filter>98.Default</Filter>
    </ClInclude>
    <ClInclude Include="Resource.h">
      <Filter>98.Default</Filter>
    </ClInclude>
    <ClInclude Include="targetver.h">
      <Filter>98.Default</Filter>
    </ClInclude>
    <ClInclude Include="MainApp.h">
      <Filter>00.MainApp</Filter>
    </ClInclude>
    <ClInclude Include="..\public\Client_Defines.h">
      <Filter>99.Headers</Filter>
    </ClInclude>
    <ClInclude Include="..\public\Client_Enum.h">
      <Filter>99.Headers</Filter>
    </ClInclude>
    <ClInclude Include="..\public\Level_Logo.h">
      <Filter>01.Levels\01.Logo</Filter>
    </ClInclude>
    <ClInclude Include="..\public\Level_Loading.h">
      <Filter>01.Levels\00.Loading</Filter>
    </ClInclude>
    <ClInclude Include="..\public\Loader.h">
      <Filter>01.Levels\00.Loading\Loader</Filter>
    </ClInclude>
    <ClInclude Include="..\public\Level_GamePlay.h">
      <Filter>01.Levels\02.GamePlay</Filter>
    </ClInclude>
    <ClInclude Include="..\public\BackGround.h">
      <Filter>02.GameObjects\99.Teacher\BackGround</Filter>
    </ClInclude>
    <ClInclude Include="..\public\Terrain.h">
      <Filter>02.GameObjects\99.Teacher\Terrain</Filter>
    </ClInclude>
    <ClInclude Include="..\public\Player.h">
      <Filter>02.GameObjects\99.Teacher\Player</Filter>
    </ClInclude>
    <ClInclude Include="..\public\Creeper.h">
      <Filter>02.GameObjects\01.Actor\00.Pawn\01.Monster\00.Creeper</Filter>
    </ClInclude>
    <ClInclude Include="..\public\Level_TOOL.h">
      <Filter>01.Levels\100.Tool_Level</Filter>
    </ClInclude>
    <ClInclude Include="..\public\Level_YU.h">
      <Filter>01.Levels\97.Yu_Level</Filter>
    </ClInclude>
    <ClInclude Include="..\public\Level_WOO.h">
      <Filter>01.Levels\98.Woo_Level</Filter>
    </ClInclude>
    <ClInclude Include="..\public\Level_Hyeok.h">
      <Filter>01.Levels\95.Huck_Level</Filter>
    </ClInclude>
    <ClInclude Include="..\public\Level_HERO.h">
      <Filter>01.Levels\96.Hero_Level</Filter>
    </ClInclude>
    <ClInclude Include="..\..\Imgui\imgui.h">
      <Filter>100.Imgui</Filter>
    </ClInclude>
    <ClInclude Include="..\..\Imgui\imgui_impl_dx9.h">
      <Filter>100.Imgui</Filter>
    </ClInclude>
    <ClInclude Include="..\..\Imgui\imgui_impl_win32.h">
      <Filter>100.Imgui</Filter>
    </ClInclude>
    <ClInclude Include="..\..\Imgui\imgui_internal.h">
      <Filter>100.Imgui</Filter>
    </ClInclude>
    <ClInclude Include="..\..\Imgui\imstb_rectpack.h">
      <Filter>100.Imgui</Filter>
    </ClInclude>
    <ClInclude Include="..\..\Imgui\imstb_textedit.h">
      <Filter>100.Imgui</Filter>
    </ClInclude>
    <ClInclude Include="..\..\Imgui\imstb_truetype.h">
      <Filter>100.Imgui</Filter>
    </ClInclude>
    <ClInclude Include="..\..\Imgui\imconfig.h">
      <Filter>100.Imgui</Filter>
    </ClInclude>
    <ClInclude Include="..\public\Tool.h">
      <Filter>02.GameObjects\07.Tool</Filter>
    </ClInclude>
    <ClInclude Include="..\public\Cube.h">
      <Filter>02.GameObjects\00.Cube</Filter>
    </ClInclude>
    <ClInclude Include="..\public\BreakableCube.h">
      <Filter>02.GameObjects\00.Cube\00.BreakableCube</Filter>
    </ClInclude>
    <ClInclude Include="..\public\Dirt.h">
      <Filter>02.GameObjects\00.Cube\01.EnvironmentCube</Filter>
    </ClInclude>
    <ClInclude Include="..\public\HeroCube.h">
      <Filter>02.GameObjects\00.Cube\03.HeroCube</Filter>
    </ClInclude>
    <ClInclude Include="..\public\HeroCubeNoMove.h">
      <Filter>02.GameObjects\01.Actor\01.NoMove\01.HeroCubeNoMove</Filter>
    </ClInclude>
    <ClInclude Include="..\public\MapTool.h">
      <Filter>02.GameObjects\07.Tool\MapTool</Filter>
    </ClInclude>
    <ClInclude Include="..\public\Stone.h">
      <Filter>02.GameObjects\00.Cube\01.EnvironmentCube</Filter>
    </ClInclude>
    <ClInclude Include="..\public\GrassDirt.h">
      <Filter>02.GameObjects\00.Cube\01.EnvironmentCube</Filter>
    </ClInclude>
    <ClInclude Include="..\public\Level_Moo.h">
      <Filter>01.Levels\99.Moo_Level</Filter>
    </ClInclude>
    <ClInclude Include="..\public\Steve.h">
      <Filter>02.GameObjects\01.Actor\00.Pawn\00.Steve</Filter>
    </ClInclude>
    <ClInclude Include="..\public\Client_Struct.h">
      <Filter>99.Headers</Filter>
    </ClInclude>
    <ClInclude Include="..\public\Tree.h">
      <Filter>02.GameObjects\01.Actor\01.NoMove\00.Tree</Filter>
    </ClInclude>
    <ClInclude Include="..\public\Wood.h">
      <Filter>02.GameObjects\01.Actor\01.NoMove\00.Tree\Block</Filter>
    </ClInclude>
    <ClInclude Include="..\public\Leaf.h">
      <Filter>02.GameObjects\01.Actor\01.NoMove\00.Tree\Block</Filter>
    </ClInclude>
    <ClInclude Include="..\public\Camera_Free.h">
      <Filter>02.GameObjects\02.Camera\Free</Filter>
    </ClInclude>
    <ClInclude Include="..\public\Camera_Player.h">
      <Filter>02.GameObjects\02.Camera\Player</Filter>
    </ClInclude>
    <ClInclude Include="..\public\Behavior_Tree.h">
      <Filter>04.Behavior_Tree</Filter>
    </ClInclude>
    <ClInclude Include="..\public\HeroEnemy.h">
      <Filter>02.GameObjects\01.Actor\00.Pawn\04.HeroEnemy</Filter>
    </ClInclude>
    <ClInclude Include="..\public\ParticleDash.h">
      <Filter>02.GameObjects\05.Particle</Filter>
    </ClInclude>
    <ClInclude Include="..\public\Check_Enemy_Node.h">
      <Filter>02.GameObjects\01.Actor\00.Pawn\04.HeroEnemy\Action\Check_Enemy</Filter>
    </ClInclude>
    <ClInclude Include="..\public\Chase_Enemy_Node.h">
      <Filter>02.GameObjects\01.Actor\00.Pawn\04.HeroEnemy\Action\Chase_Enemy</Filter>
    </ClInclude>
    <ClInclude Include="..\public\Patrol_Node.h">
      <Filter>02.GameObjects\01.Actor\00.Pawn\04.HeroEnemy\Action\Patrol</Filter>
    </ClInclude>
    <ClInclude Include="..\public\MainLogo.h">
      <Filter>03.UI\00.MainLogo</Filter>
    </ClInclude>
    <ClInclude Include="..\public\IronOre.h">
      <Filter>02.GameObjects\00.Cube\01.EnvironmentCube</Filter>
    </ClInclude>
    <ClInclude Include="..\public\CoalOre.h">
      <Filter>02.GameObjects\00.Cube\01.EnvironmentCube</Filter>
    </ClInclude>
    <ClInclude Include="..\public\StartButton.h">
      <Filter>03.UI\01.StartButton</Filter>
    </ClInclude>
    <ClInclude Include="..\public\SkyBox.h">
      <Filter>02.GameObjects\03.Sky\01.SkyBox</Filter>
    </ClInclude>
    <ClInclude Include="..\public\Title.h">
      <Filter>03.UI\02.title</Filter>
    </ClInclude>
    <ClInclude Include="..\public\Edition.h">
      <Filter>03.UI\03.edition</Filter>
    </ClInclude>
    <ClInclude Include="..\public\ParticleSandMining.h">
      <Filter>02.GameObjects\05.Particle\Mining</Filter>
    </ClInclude>
    <ClInclude Include="..\public\ParticleWoodMining.h">
      <Filter>02.GameObjects\05.Particle\Mining</Filter>
    </ClInclude>
    <ClInclude Include="..\public\BaseParticleMining.h">
      <Filter>02.GameObjects\05.Particle\Base</Filter>
    </ClInclude>
    <ClInclude Include="..\public\ParticleRain.h">
      <Filter>02.GameObjects\05.Particle</Filter>
    </ClInclude>
    <ClInclude Include="..\public\SubInventory.h">
      <Filter>03.UI\04.Inventory\01.SubInventory</Filter>
    </ClInclude>
    <ClInclude Include="..\public\CheckBox.h">
      <Filter>03.UI\04.Inventory\02.CheckBox</Filter>
    </ClInclude>
    <ClInclude Include="..\public\Monster.h">
      <Filter>02.GameObjects\01.Actor\00.Pawn\01.Monster</Filter>
    </ClInclude>
    <ClInclude Include="..\public\BTTask_DetectEnemy.h">
      <Filter>04.Behavior_Tree\BTNode\Normal\Tasks\Detect_Enemy</Filter>
    </ClInclude>
    <ClInclude Include="..\public\BTTask_Chase.h">
      <Filter>04.Behavior_Tree\BTNode\Normal\Tasks\Chase</Filter>
    </ClInclude>
    <ClInclude Include="..\public\BTTask_Patrol.h">
      <Filter>04.Behavior_Tree\BTNode\Normal\Tasks\Patrol</Filter>
    </ClInclude>
    <ClInclude Include="..\public\BTDecorator_IsTargetNear.h">
      <Filter>04.Behavior_Tree\BTNode\Normal\Decorator\Check_Distance</Filter>
    </ClInclude>
    <ClInclude Include="..\public\MainInventory.h">
      <Filter>03.UI\04.Inventory\00.MainInventory</Filter>
    </ClInclude>
    <ClInclude Include="..\public\Inventory_Back.h">
      <Filter>03.UI\04.Inventory\03.Inventory_Back</Filter>
    </ClInclude>
    <ClInclude Include="..\public\Sun.h">
      <Filter>02.GameObjects\03.Sky\00.Sun</Filter>
    </ClInclude>
    <ClInclude Include="..\public\Clouds.h">
      <Filter>02.GameObjects\03.Sky\02.Cloud</Filter>
    </ClInclude>
    <ClInclude Include="..\public\BaseParticleDestroy.h">
      <Filter>02.GameObjects\05.Particle\Base</Filter>
    </ClInclude>
    <ClInclude Include="..\public\ParticleSandDestroy.h">
      <Filter>02.GameObjects\05.Particle\Destroy</Filter>
    </ClInclude>
    <ClInclude Include="..\public\BreakableRect.h">
      <Filter>02.GameObjects\00.Cube\00.BreakableCube</Filter>
    </ClInclude>
    <ClInclude Include="..\public\Grass.h">
      <Filter>02.GameObjects\00.Cube\01.EnvironmentCube</Filter>
    </ClInclude>
    <ClInclude Include="..\public\Client_Tag.h">
      <Filter>99.Headers</Filter>
    </ClInclude>
    <ClInclude Include="..\public\HyockCube.h">
      <Filter>02.GameObjects\00.Cube\02.HyockCube</Filter>
    </ClInclude>
    <ClInclude Include="..\public\MCTerrain.h">
      <Filter>02.GameObjects\04.MCTerrain</Filter>
    </ClInclude>
    <ClInclude Include="..\public\ItemCube.h">
      <Filter>02.GameObjects\00.Cube\ItemObj</Filter>
    </ClInclude>
    <ClInclude Include="..\public\RedTulip.h" />
    <ClInclude Include="..\public\UI_Mgr.h">
      <Filter>03.UI</Filter>
    </ClInclude>
    <ClInclude Include="..\public\RedTulip.h">
      <Filter>02.GameObjects\00.Cube\01.EnvironmentCube</Filter>
    </ClInclude>
    <ClInclude Include="..\public\PlayerHP.h">
      <Filter>03.UI\05.PlayerState\00.PlayerHP</Filter>
    </ClInclude>
    <ClInclude Include="..\public\PlayerHP_Back.h">
      <Filter>03.UI\05.PlayerState\00.PlayerHP</Filter>
    </ClInclude>
    <ClInclude Include="..\public\ItemRect.h">
      <Filter>02.GameObjects\00.Cube\ItemObj</Filter>
    </ClInclude>
    <ClInclude Include="..\public\UIParticleRain.h">
      <Filter>03.UI\06.UIParticle</Filter>
    </ClInclude>
    <ClInclude Include="..\public\PlayerHunger.h">
      <Filter>03.UI\05.PlayerState\01.PlayerHunger</Filter>
    </ClInclude>
    <ClInclude Include="..\public\PlayerHunger_Back.h">
      <Filter>03.UI\05.PlayerState\01.PlayerHunger</Filter>
    </ClInclude>
    <ClInclude Include="..\public\PlayerExp.h">
      <Filter>03.UI\05.PlayerState\02.PlayerExp</Filter>
    </ClInclude>
    <ClInclude Include="..\public\PlayerExp_Back.h">
      <Filter>03.UI\05.PlayerState\02.PlayerExp</Filter>
    </ClInclude>
    <ClInclude Include="..\public\BTTask_Attack.h">
      <Filter>04.Behavior_Tree\BTNode\Normal\Tasks\Attack</Filter>
    </ClInclude>
    <ClInclude Include="..\public\BTDistanceBranch.h">
      <Filter>04.Behavior_Tree\BTNode\Normal\Decorator\DistanceBranch</Filter>
    </ClInclude>
    <ClInclude Include="..\public\IObserver.h">
      <Filter>101.ObserverPattern</Filter>
    </ClInclude>
    <ClInclude Include="..\public\ISubject.h">
      <Filter>101.ObserverPattern</Filter>
    </ClInclude>
    <ClInclude Include="..\public\ParticleExplosion.h">
      <Filter>02.GameObjects\05.Particle</Filter>
    </ClInclude>
    <ClInclude Include="..\public\PlayerLevel.h">
      <Filter>03.UI\05.PlayerState\03.PlayerLevel</Filter>
    </ClInclude>
    <ClInclude Include="..\public\Zombi.h">
      <Filter>02.GameObjects\01.Actor\00.Pawn\01.Monster\01.Zombi</Filter>
    </ClInclude>
    <ClInclude Include="..\public\Mouse.h">
      <Filter>05.Mouse</Filter>
    </ClInclude>
    <ClInclude Include="..\public\Pawn.h">
      <Filter>02.GameObjects\01.Actor\00.Pawn</Filter>
    </ClInclude>
    <ClInclude Include="..\public\Right_hand.h">
      <Filter>02.GameObjects\06.Right_Hand</Filter>
    </ClInclude>
    <ClInclude Include="..\public\Arm_Steve.h">
      <Filter>02.GameObjects\06.Right_Hand\00.Arm_Model</Filter>
    </ClInclude>
    <ClInclude Include="..\public\Cube_Model.h">
      <Filter>02.GameObjects\06.Right_Hand\01.Cube_Model</Filter>
    </ClInclude>
    <ClInclude Include="..\public\Rect_Model.h">
      <Filter>02.GameObjects\06.Right_Hand\02.Rect_Model</Filter>
    </ClInclude>
    <ClInclude Include="..\public\ParticleDie.h">
      <Filter>02.GameObjects\05.Particle</Filter>
    </ClInclude>
    <ClInclude Include="..\public\ParticleEventManager.h">
      <Filter>06.Manager</Filter>
    </ClInclude>
    <ClInclude Include="..\public\DestroyCube.h">
      <Filter>02.GameObjects\00.Cube\00.BreakableCube</Filter>
    </ClInclude>
    <ClInclude Include="..\public\RightHand_Object.h">
      <Filter>02.GameObjects\06.Right_Hand\RIght_hand_Object</Filter>
    </ClInclude>
    <ClInclude Include="..\public\Mouse_Item.h">
      <Filter>03.UI\07.Mouse_UI\00.Mouse_Item</Filter>
    </ClInclude>
    <ClInclude Include="..\public\Mouse_ItemFont.h">
      <Filter>03.UI\07.Mouse_UI\01.Mouse_ItemFont</Filter>
    </ClInclude>
    <ClInclude Include="..\public\SlotInfo.h">
      <Filter>03.UI\04.Inventory\04.SlotInfo</Filter>
    </ClInclude>
    <ClInclude Include="..\public\ParticleSwordFlame.h">
      <Filter>02.GameObjects\05.Particle</Filter>
    </ClInclude>
    <ClInclude Include="..\public\Left_Rect_Model.h">
      <Filter>02.GameObjects\06.Right_Hand\03.Left_Rect_Model</Filter>
    </ClInclude>
    <ClInclude Include="..\public\ParticleCharging.h">
      <Filter>02.GameObjects\05.Particle</Filter>
    </ClInclude>
    <ClInclude Include="..\public\GameMgr.h">
      <Filter>02.GameObjects\08.GameMgr</Filter>
    </ClInclude>
    <ClInclude Include="..\public\BaseParticleEating.h">
      <Filter>02.GameObjects\05.Particle\Base</Filter>
    </ClInclude>
    <ClInclude Include="..\public\UIDropItem.h">
      <Filter>03.UI\08.DropItem</Filter>
    </ClInclude>
    <ClInclude Include="..\public\Bag.h">
      <Filter>03.UI\04.Inventory\05.Bag</Filter>
    </ClInclude>
    <ClInclude Include="..\public\ParticleAppleEating.h">
      <Filter>02.GameObjects\05.Particle\Eat</Filter>
    </ClInclude>
    <ClInclude Include="..\public\ParticleStoneMining.h">
      <Filter>02.GameObjects\05.Particle\Mining</Filter>
    </ClInclude>
    <ClInclude Include="..\public\ThreadPool.h">
      <Filter>07.ThreadPool</Filter>
    </ClInclude>
    <ClInclude Include="..\public\Warden.h">
      <Filter>02.GameObjects\01.Actor\00.Pawn\02.BossMonster</Filter>
    </ClInclude>
    <ClInclude Include="..\public\ParticleStoneDestroy.h">
      <Filter>02.GameObjects\05.Particle\Destroy</Filter>
    </ClInclude>
    <ClInclude Include="..\public\SwordAura.h">
      <Filter>02.GameObjects\09.Effect</Filter>
    </ClInclude>
    <ClInclude Include="..\public\ParticleSwordAura.h">
      <Filter>02.GameObjects\05.Particle</Filter>
    </ClInclude>
    <ClInclude Include="..\public\MissionControl.h">
      <Filter>08.Mission</Filter>
    </ClInclude>
    <ClInclude Include="..\public\MissionMainUi.h">
      <Filter>08.Mission\Ui</Filter>
    </ClInclude>
    <ClInclude Include="..\public\ParticleFireCracker.h">
      <Filter>02.GameObjects\05.Particle\FireCracker</Filter>
    </ClInclude>
    <ClInclude Include="..\public\ParticleCrackerLoad.h">
      <Filter>02.GameObjects\05.Particle\FireCracker</Filter>
    </ClInclude>
    <ClInclude Include="..\public\FireCrackerLoad.h">
      <Filter>02.GameObjects\09.Effect</Filter>
    </ClInclude>
    <ClInclude Include="..\public\ParticleSonicBoom.h">
      <Filter>02.GameObjects\05.Particle</Filter>
    </ClInclude>
    <ClInclude Include="..\public\WaveUi.h">
      <Filter>08.Mission\Ui</Filter>
    </ClInclude>
  </ItemGroup>
  <ItemGroup>
    <Image Include="Client.ico">
      <Filter>98.Default</Filter>
    </Image>
    <Image Include="small.ico">
      <Filter>98.Default</Filter>
    </Image>
  </ItemGroup>
  <ItemGroup>
    <ResourceCompile Include="Client.rc">
      <Filter>98.Default</Filter>
    </ResourceCompile>
  </ItemGroup>
  <ItemGroup>
    <ClCompile Include="Client.cpp">
      <Filter>98.Default</Filter>
    </ClCompile>
    <ClCompile Include="MainApp.cpp">
      <Filter>00.MainApp</Filter>
    </ClCompile>
    <ClCompile Include="..\Private\Level_Logo.cpp">
      <Filter>01.Levels\01.Logo</Filter>
    </ClCompile>
    <ClCompile Include="..\private\Level_Loading.cpp">
      <Filter>01.Levels\00.Loading</Filter>
    </ClCompile>
    <ClCompile Include="..\private\Loader.cpp">
      <Filter>01.Levels\00.Loading\Loader</Filter>
    </ClCompile>
    <ClCompile Include="..\private\Level_GamePlay.cpp">
      <Filter>01.Levels\02.GamePlay</Filter>
    </ClCompile>
    <ClCompile Include="..\Private\BackGround.cpp">
      <Filter>02.GameObjects\99.Teacher\BackGround</Filter>
    </ClCompile>
    <ClCompile Include="..\private\Terrain.cpp">
      <Filter>02.GameObjects\99.Teacher\Terrain</Filter>
    </ClCompile>
    <ClCompile Include="..\private\Camera_Free.cpp">
      <Filter>02.GameObjects\02.Camera\Free</Filter>
    </ClCompile>
    <ClCompile Include="..\private\Player.cpp">
      <Filter>02.GameObjects\99.Teacher\Player</Filter>
    </ClCompile>
    <ClCompile Include="..\private\Creeper.cpp">
      <Filter>02.GameObjects\01.Actor\00.Pawn\01.Monster\00.Creeper</Filter>
    </ClCompile>
    <ClCompile Include="..\private\Level_Hyeok.cpp">
      <Filter>01.Levels\95.Huck_Level</Filter>
    </ClCompile>
    <ClCompile Include="..\private\Level_HERO.cpp">
      <Filter>01.Levels\96.Hero_Level</Filter>
    </ClCompile>
    <ClCompile Include="..\private\Level_WOO.cpp">
      <Filter>01.Levels\98.Woo_Level</Filter>
    </ClCompile>
    <ClCompile Include="..\private\Level_YU.cpp">
      <Filter>01.Levels\97.Yu_Level</Filter>
    </ClCompile>
    <ClCompile Include="..\private\Level_TOOL.cpp">
      <Filter>01.Levels\100.Tool_Level</Filter>
    </ClCompile>
    <ClCompile Include="..\..\Imgui\imgui.cpp">
      <Filter>100.Imgui</Filter>
    </ClCompile>
    <ClCompile Include="..\..\Imgui\imgui_demo.cpp">
      <Filter>100.Imgui</Filter>
    </ClCompile>
    <ClCompile Include="..\..\Imgui\imgui_draw.cpp">
      <Filter>100.Imgui</Filter>
    </ClCompile>
    <ClCompile Include="..\..\Imgui\imgui_impl_dx9.cpp">
      <Filter>100.Imgui</Filter>
    </ClCompile>
    <ClCompile Include="..\..\Imgui\imgui_impl_win32.cpp">
      <Filter>100.Imgui</Filter>
    </ClCompile>
    <ClCompile Include="..\..\Imgui\imgui_tables.cpp">
      <Filter>100.Imgui</Filter>
    </ClCompile>
    <ClCompile Include="..\..\Imgui\imgui_widgets.cpp">
      <Filter>100.Imgui</Filter>
    </ClCompile>
    <ClCompile Include="..\private\Tool.cpp">
      <Filter>02.GameObjects\07.Tool</Filter>
    </ClCompile>
    <ClCompile Include="..\private\Cube.cpp">
      <Filter>02.GameObjects\00.Cube</Filter>
    </ClCompile>
    <ClCompile Include="..\private\BreakableCube.cpp">
      <Filter>02.GameObjects\00.Cube\00.BreakableCube</Filter>
    </ClCompile>
    <ClCompile Include="..\private\Dirt.cpp">
      <Filter>02.GameObjects\00.Cube\01.EnvironmentCube</Filter>
    </ClCompile>
    <ClCompile Include="..\private\HeroCube.cpp">
      <Filter>02.GameObjects\00.Cube\03.HeroCube</Filter>
    </ClCompile>
    <ClCompile Include="..\private\HeroCubeNoMove.cpp">
      <Filter>02.GameObjects\01.Actor\01.NoMove\01.HeroCubeNoMove</Filter>
    </ClCompile>
    <ClCompile Include="..\private\MapTool.cpp">
      <Filter>02.GameObjects\07.Tool\MapTool</Filter>
    </ClCompile>
    <ClCompile Include="..\private\Stone.cpp">
      <Filter>02.GameObjects\00.Cube\01.EnvironmentCube</Filter>
    </ClCompile>
    <ClCompile Include="..\private\GrassDirt.cpp">
      <Filter>02.GameObjects\00.Cube\01.EnvironmentCube</Filter>
    </ClCompile>
    <ClCompile Include="..\private\Level_Moo.cpp">
      <Filter>01.Levels\99.Moo_Level</Filter>
    </ClCompile>
    <ClCompile Include="..\private\Steve.cpp">
      <Filter>02.GameObjects\01.Actor\00.Pawn\00.Steve</Filter>
    </ClCompile>
    <ClCompile Include="..\private\Tree.cpp">
      <Filter>02.GameObjects\01.Actor\01.NoMove\00.Tree</Filter>
    </ClCompile>
    <ClCompile Include="..\private\Wood.cpp">
      <Filter>02.GameObjects\01.Actor\01.NoMove\00.Tree\Block</Filter>
    </ClCompile>
    <ClCompile Include="..\private\Leaf.cpp">
      <Filter>02.GameObjects\01.Actor\01.NoMove\00.Tree\Block</Filter>
    </ClCompile>
    <ClCompile Include="..\private\Camera_Player.cpp">
      <Filter>02.GameObjects\02.Camera\Player</Filter>
    </ClCompile>
    <ClCompile Include="..\private\Behavior_Tree.cpp">
      <Filter>04.Behavior_Tree</Filter>
    </ClCompile>
    <ClCompile Include="..\private\HeroEnemy.cpp">
      <Filter>02.GameObjects\01.Actor\00.Pawn\04.HeroEnemy</Filter>
    </ClCompile>
    <ClCompile Include="..\private\ParticleDash.cpp">
      <Filter>02.GameObjects\05.Particle</Filter>
    </ClCompile>
    <ClCompile Include="..\private\Check_Enemy_Node.cpp">
      <Filter>02.GameObjects\01.Actor\00.Pawn\04.HeroEnemy\Action\Check_Enemy</Filter>
    </ClCompile>
    <ClCompile Include="..\private\Chase_Enemy_Node.cpp">
      <Filter>02.GameObjects\01.Actor\00.Pawn\04.HeroEnemy\Action\Chase_Enemy</Filter>
    </ClCompile>
    <ClCompile Include="..\private\Patrol_Node.cpp">
      <Filter>02.GameObjects\01.Actor\00.Pawn\04.HeroEnemy\Action\Patrol</Filter>
    </ClCompile>
    <ClCompile Include="..\private\MainLogo.cpp">
      <Filter>03.UI\00.MainLogo</Filter>
    </ClCompile>
    <ClCompile Include="..\private\IronOre.cpp">
      <Filter>02.GameObjects\00.Cube\01.EnvironmentCube</Filter>
    </ClCompile>
    <ClCompile Include="..\private\CoalOre.cpp">
      <Filter>02.GameObjects\00.Cube\01.EnvironmentCube</Filter>
    </ClCompile>
    <ClCompile Include="..\private\StartButton.cpp">
      <Filter>03.UI\01.StartButton</Filter>
    </ClCompile>
    <ClCompile Include="..\private\SkyBox.cpp">
      <Filter>02.GameObjects\03.Sky\01.SkyBox</Filter>
    </ClCompile>
    <ClCompile Include="..\private\Title.cpp">
      <Filter>03.UI\02.title</Filter>
    </ClCompile>
    <ClCompile Include="..\private\Edition.cpp">
      <Filter>03.UI\03.edition</Filter>
    </ClCompile>
    <ClCompile Include="..\private\ParticleSandMining.cpp">
      <Filter>02.GameObjects\05.Particle\Mining</Filter>
    </ClCompile>
    <ClCompile Include="..\private\ParticleWoodMining.cpp">
      <Filter>02.GameObjects\05.Particle\Mining</Filter>
    </ClCompile>
    <ClCompile Include="..\private\BaseParticleMining.cpp">
      <Filter>02.GameObjects\05.Particle\Base</Filter>
    </ClCompile>
    <ClCompile Include="..\private\ParticleRain.cpp">
      <Filter>02.GameObjects\05.Particle</Filter>
    </ClCompile>
    <ClCompile Include="..\private\SubInventory.cpp">
      <Filter>03.UI\04.Inventory\01.SubInventory</Filter>
    </ClCompile>
    <ClCompile Include="..\private\Monster.cpp">
      <Filter>02.GameObjects\01.Actor\00.Pawn\01.Monster</Filter>
    </ClCompile>
    <ClCompile Include="..\private\BTTask_DetectEnemy.cpp">
      <Filter>04.Behavior_Tree\BTNode\Normal\Tasks\Detect_Enemy</Filter>
    </ClCompile>
    <ClCompile Include="..\private\BTTask_Chase.cpp">
      <Filter>04.Behavior_Tree\BTNode\Normal\Tasks\Chase</Filter>
    </ClCompile>
    <ClCompile Include="..\private\BTTask_Patrol.cpp">
      <Filter>04.Behavior_Tree\BTNode\Normal\Tasks\Patrol</Filter>
    </ClCompile>
    <ClCompile Include="..\private\BTDecorator_IsTargetNear.cpp">
      <Filter>04.Behavior_Tree\BTNode\Normal\Decorator\Check_Distance</Filter>
    </ClCompile>
    <ClCompile Include="..\private\MainInventory.cpp">
      <Filter>03.UI\04.Inventory\00.MainInventory</Filter>
    </ClCompile>
    <ClCompile Include="..\private\SlotInfo.cpp">
      <Filter>03.UI\04.Inventory\04.SlotInfo</Filter>
    </ClCompile>
    <ClCompile Include="..\private\Inventory_Back.cpp">
      <Filter>03.UI\04.Inventory\03.Inventory_Back</Filter>
    </ClCompile>
    <ClCompile Include="..\private\Sun.cpp">
      <Filter>02.GameObjects\03.Sky\00.Sun</Filter>
    </ClCompile>
    <ClCompile Include="..\private\Clouds.cpp">
      <Filter>02.GameObjects\03.Sky\02.Cloud</Filter>
    </ClCompile>
    <ClCompile Include="..\private\BaseParticleDestroy.cpp">
      <Filter>02.GameObjects\05.Particle\Base</Filter>
    </ClCompile>
    <ClCompile Include="..\private\ParticleSandDestroy.cpp">
      <Filter>02.GameObjects\05.Particle\Destroy</Filter>
    </ClCompile>
    <ClCompile Include="..\private\BreakableRect.cpp">
      <Filter>02.GameObjects\00.Cube\00.BreakableCube</Filter>
    </ClCompile>
    <ClCompile Include="..\private\Grass.cpp">
      <Filter>02.GameObjects\00.Cube\01.EnvironmentCube</Filter>
    </ClCompile>
    <ClCompile Include="..\private\CheckBox.cpp">
      <Filter>03.UI\04.Inventory\02.CheckBox</Filter>
    </ClCompile>
    <ClCompile Include="..\private\RedTulip.cpp">
      <Filter>02.GameObjects\00.Cube\01.EnvironmentCube</Filter>
    </ClCompile>
    <ClCompile Include="..\private\HyockCube.cpp">
      <Filter>02.GameObjects\00.Cube\02.HyockCube</Filter>
    </ClCompile>
    <ClCompile Include="..\private\MCTerrain.cpp">
      <Filter>02.GameObjects\04.MCTerrain</Filter>
    </ClCompile>
    <ClCompile Include="..\private\ItemCube.cpp">
      <Filter>02.GameObjects\00.Cube\ItemObj</Filter>
    </ClCompile>
    <ClCompile Include="..\private\UI_Mgr.cpp">
      <Filter>03.UI</Filter>
    </ClCompile>
    <ClCompile Include="..\public\PlayerHP.cpp">
      <Filter>03.UI\05.PlayerState\00.PlayerHP</Filter>
    </ClCompile>
    <ClCompile Include="..\private\PlayerHP_Back.cpp">
      <Filter>03.UI\05.PlayerState\00.PlayerHP</Filter>
    </ClCompile>
    <ClCompile Include="..\private\ItemRect.cpp">
      <Filter>02.GameObjects\00.Cube\ItemObj</Filter>
    </ClCompile>
    <ClCompile Include="..\private\UIParticleRain.cpp">
      <Filter>03.UI\06.UIParticle</Filter>
    </ClCompile>
    <ClCompile Include="..\private\PlayerHunger.cpp">
      <Filter>03.UI\05.PlayerState\01.PlayerHunger</Filter>
    </ClCompile>
    <ClCompile Include="..\private\PlayerHunger_Back.cpp">
      <Filter>03.UI\05.PlayerState\01.PlayerHunger</Filter>
    </ClCompile>
    <ClCompile Include="..\private\PlayerExp.cpp">
      <Filter>03.UI\05.PlayerState\02.PlayerExp</Filter>
    </ClCompile>
    <ClCompile Include="..\private\PlayerExp_Back.cpp">
      <Filter>03.UI\05.PlayerState\02.PlayerExp</Filter>
    </ClCompile>
    <ClCompile Include="..\private\BTTask_Attack.cpp">
      <Filter>04.Behavior_Tree\BTNode\Normal\Tasks\Attack</Filter>
    </ClCompile>
    <ClCompile Include="..\private\BTDistanceBranch.cpp">
      <Filter>04.Behavior_Tree\BTNode\Normal\Decorator\DistanceBranch</Filter>
    </ClCompile>
    <ClCompile Include="..\private\IObserver.cpp">
      <Filter>101.ObserverPattern</Filter>
    </ClCompile>
    <ClCompile Include="..\private\ISubject.cpp">
      <Filter>101.ObserverPattern</Filter>
    </ClCompile>
    <ClCompile Include="..\private\ParticleExplosion.cpp">
      <Filter>02.GameObjects\05.Particle</Filter>
    </ClCompile>
    <ClCompile Include="..\private\PlayerLevel.cpp">
      <Filter>03.UI\05.PlayerState\03.PlayerLevel</Filter>
    </ClCompile>
    <ClCompile Include="..\private\Zombi.cpp">
      <Filter>02.GameObjects\01.Actor\00.Pawn\01.Monster\01.Zombi</Filter>
    </ClCompile>
    <ClCompile Include="..\private\Mouse.cpp">
      <Filter>05.Mouse</Filter>
    </ClCompile>
    <ClCompile Include="..\private\Pawn.cpp">
      <Filter>02.GameObjects\01.Actor\00.Pawn</Filter>
    </ClCompile>
    <ClCompile Include="..\private\Right_hand.cpp">
      <Filter>02.GameObjects\06.Right_Hand</Filter>
    </ClCompile>
    <ClCompile Include="..\private\Arm_Steve.cpp">
      <Filter>02.GameObjects\06.Right_Hand\00.Arm_Model</Filter>
    </ClCompile>
    <ClCompile Include="..\private\Cube_Model.cpp">
      <Filter>02.GameObjects\06.Right_Hand\01.Cube_Model</Filter>
    </ClCompile>
    <ClCompile Include="..\private\Rect_Model.cpp">
      <Filter>02.GameObjects\06.Right_Hand\02.Rect_Model</Filter>
    </ClCompile>
    <ClCompile Include="..\private\ParticleDie.cpp">
      <Filter>02.GameObjects\05.Particle</Filter>
    </ClCompile>
    <ClCompile Include="..\private\ParticleEventManager.cpp">
      <Filter>06.Manager</Filter>
    </ClCompile>
    <ClCompile Include="..\private\DestroyCube.cpp">
      <Filter>02.GameObjects\00.Cube\00.BreakableCube</Filter>
    </ClCompile>
    <ClCompile Include="..\private\RightHand_Object.cpp">
      <Filter>02.GameObjects\06.Right_Hand\RIght_hand_Object</Filter>
    </ClCompile>
    <ClCompile Include="..\private\Mouse_Item.cpp">
      <Filter>03.UI\07.Mouse_UI\00.Mouse_Item</Filter>
    </ClCompile>
    <ClCompile Include="..\private\Mouse_ItemFont.cpp">
      <Filter>03.UI\07.Mouse_UI\01.Mouse_ItemFont</Filter>
    </ClCompile>
    <ClCompile Include="..\private\ParticleSwordFlame.cpp">
      <Filter>02.GameObjects\05.Particle</Filter>
    </ClCompile>
    <ClCompile Include="..\private\Left_Rect_Model.cpp">
      <Filter>02.GameObjects\06.Right_Hand\03.Left_Rect_Model</Filter>
    </ClCompile>
    <ClCompile Include="..\private\ParticleCharging.cpp">
      <Filter>02.GameObjects\05.Particle</Filter>
    </ClCompile>
    <ClCompile Include="..\private\GameMgr.cpp">
      <Filter>02.GameObjects\08.GameMgr</Filter>
    </ClCompile>
    <ClCompile Include="..\private\BaseParticleEating.cpp">
      <Filter>02.GameObjects\05.Particle\Base</Filter>
    </ClCompile>
    <ClCompile Include="..\private\UIDropItem.cpp">
      <Filter>03.UI\08.DropItem</Filter>
    </ClCompile>
    <ClCompile Include="..\private\Bag.cpp">
      <Filter>03.UI\04.Inventory\05.Bag</Filter>
    </ClCompile>
    <ClCompile Include="..\private\ParticleAppleEating.cpp">
      <Filter>02.GameObjects\05.Particle\Eat</Filter>
    </ClCompile>
    <ClCompile Include="..\private\ParticleStoneMining.cpp">
      <Filter>02.GameObjects\05.Particle\Mining</Filter>
    </ClCompile>
    <ClCompile Include="..\private\ThreadPool.cpp">
      <Filter>07.ThreadPool</Filter>
    </ClCompile>
    <ClCompile Include="..\private\Warden.cpp">
      <Filter>02.GameObjects\01.Actor\00.Pawn\02.BossMonster</Filter>
    </ClCompile>
    <ClCompile Include="..\private\ParticleStoneDestroy.cpp">
      <Filter>02.GameObjects\05.Particle\Destroy</Filter>
    </ClCompile>
    <ClCompile Include="..\private\SwordAura.cpp">
      <Filter>02.GameObjects\09.Effect</Filter>
    </ClCompile>
    <ClCompile Include="..\private\ParticleSwordAura.cpp">
      <Filter>02.GameObjects\05.Particle</Filter>
    </ClCompile>
    <ClCompile Include="..\private\MissionControl.cpp">
      <Filter>08.Mission</Filter>
    </ClCompile>
    <ClCompile Include="..\private\MissionMainUi.cpp">
      <Filter>08.Mission\Ui</Filter>
    </ClCompile>
    <ClCompile Include="..\private\WaveUi.cpp">
      <Filter>08.Mission\Ui</Filter>
    </ClCompile>
    <ClCompile Include="..\private\ParticleFireCracker.cpp">
      <Filter>02.GameObjects\05.Particle\FireCracker</Filter>
    </ClCompile>
    <ClCompile Include="..\private\ParticleCrackerLoad.cpp">
      <Filter>02.GameObjects\05.Particle\FireCracker</Filter>
    </ClCompile>
    <ClCompile Include="..\private\FireCrackerLoad.cpp">
      <Filter>02.GameObjects\09.Effect</Filter>
    </ClCompile>
    <ClCompile Include="..\private\ParticleSonicBoom.cpp">
      <Filter>02.GameObjects\05.Particle</Filter>
    </ClCompile>
  </ItemGroup>
  <ItemGroup>
    <Text Include="ReadMe.txt" />
  </ItemGroup>
  <ItemGroup>
    <FxCompile Include="..\bin\ShaderFiles\Shader_CubeInstance.hlsl">
      <Filter>97.ShaderFiles</Filter>
    </FxCompile>
    <FxCompile Include="..\bin\ShaderFiles\Shader_UI.hlsl">
      <Filter>97.ShaderFiles</Filter>
    </FxCompile>
    <FxCompile Include="..\bin\ShaderFiles\Shader_Rect3DInstance.hlsl">
      <Filter>97.ShaderFiles</Filter>
    </FxCompile>
    <FxCompile Include="..\bin\ShaderFiles\Shader_Cube.hlsl">
      <Filter>97.ShaderFiles</Filter>
    </FxCompile>
    <FxCompile Include="..\bin\ShaderFiles\Shader_Rect.hlsl">
      <Filter>97.ShaderFiles</Filter>
    </FxCompile>
    <FxCompile Include="..\bin\ShaderFiles\Shader_Particle.hlsl">
      <Filter>97.ShaderFiles</Filter>
    </FxCompile>
  </ItemGroup>
</Project>